// !$*UTF8*$!
{
	archiveVersion = 1;
	classes = {
	};
	objectVersion = 50;
	objects = {

/* Begin PBXBuildFile section */
		232BF4B92441A67900017F10 /* AppDelegate.m in Sources */ = {isa = PBXBuildFile; fileRef = 232BF4B82441A67900017F10 /* AppDelegate.m */; };
		232BF4BC2441A67900017F10 /* SceneDelegate.m in Sources */ = {isa = PBXBuildFile; fileRef = 232BF4BB2441A67900017F10 /* SceneDelegate.m */; };
		232BF4BF2441A67900017F10 /* ViewController.m in Sources */ = {isa = PBXBuildFile; fileRef = 232BF4BE2441A67900017F10 /* ViewController.m */; };
		232BF4C22441A67900017F10 /* Main.storyboard in Resources */ = {isa = PBXBuildFile; fileRef = 232BF4C02441A67900017F10 /* Main.storyboard */; };
		232BF4C42441A67900017F10 /* Assets.xcassets in Resources */ = {isa = PBXBuildFile; fileRef = 232BF4C32441A67900017F10 /* Assets.xcassets */; };
		232BF4C72441A67900017F10 /* LaunchScreen.storyboard in Resources */ = {isa = PBXBuildFile; fileRef = 232BF4C52441A67900017F10 /* LaunchScreen.storyboard */; };
		232BF4CA2441A67900017F10 /* main.m in Sources */ = {isa = PBXBuildFile; fileRef = 232BF4C92441A67900017F10 /* main.m */; };
		232BF4D42441A67A00017F10 /* ijkplayerDemoTests.m in Sources */ = {isa = PBXBuildFile; fileRef = 232BF4D32441A67A00017F10 /* ijkplayerDemoTests.m */; };
		232BF4DF2441A67A00017F10 /* ijkplayerDemoUITests.m in Sources */ = {isa = PBXBuildFile; fileRef = 232BF4DE2441A67A00017F10 /* ijkplayerDemoUITests.m */; };
		232BF4F02441A82000017F10 /* AudioToolbox.framework in Frameworks */ = {isa = PBXBuildFile; fileRef = 232BF4EF2441A82000017F10 /* AudioToolbox.framework */; };
		232BF4F22441A82A00017F10 /* AVFoundation.framework in Frameworks */ = {isa = PBXBuildFile; fileRef = 232BF4F12441A82A00017F10 /* AVFoundation.framework */; };
		232BF4F42441A83300017F10 /* CoreGraphics.framework in Frameworks */ = {isa = PBXBuildFile; fileRef = 232BF4F32441A83300017F10 /* CoreGraphics.framework */; };
		232BF4F62441A83C00017F10 /* CoreMedia.framework in Frameworks */ = {isa = PBXBuildFile; fileRef = 232BF4F52441A83C00017F10 /* CoreMedia.framework */; };
		232BF4F82441A84700017F10 /* CoreVideo.framework in Frameworks */ = {isa = PBXBuildFile; fileRef = 232BF4F72441A84700017F10 /* CoreVideo.framework */; };
		232BF4FA2441A85200017F10 /* libbz2.tbd in Frameworks */ = {isa = PBXBuildFile; fileRef = 232BF4F92441A85100017F10 /* libbz2.tbd */; };
		232BF4FC2441A85E00017F10 /* libz.tbd in Frameworks */ = {isa = PBXBuildFile; fileRef = 232BF4FB2441A85E00017F10 /* libz.tbd */; };
		232BF4FE2441A86700017F10 /* MediaPlayer.framework in Frameworks */ = {isa = PBXBuildFile; fileRef = 232BF4FD2441A86700017F10 /* MediaPlayer.framework */; };
		232BF5002441A87000017F10 /* MobileCoreServices.framework in Frameworks */ = {isa = PBXBuildFile; fileRef = 232BF4FF2441A87000017F10 /* MobileCoreServices.framework */; };
		232BF5022441A87B00017F10 /* OpenGLES.framework in Frameworks */ = {isa = PBXBuildFile; fileRef = 232BF5012441A87B00017F10 /* OpenGLES.framework */; };
		232BF5042441A88400017F10 /* QuartzCore.framework in Frameworks */ = {isa = PBXBuildFile; fileRef = 232BF5032441A88400017F10 /* QuartzCore.framework */; };
		232BF5062441A88F00017F10 /* VideoToolbox.framework in Frameworks */ = {isa = PBXBuildFile; fileRef = 232BF5052441A88F00017F10 /* VideoToolbox.framework */; };
		232BF5092441AD1700017F10 /* YSAVViewController.m in Sources */ = {isa = PBXBuildFile; fileRef = 232BF5082441AD1700017F10 /* YSAVViewController.m */; };
		232BF50B2441B24000017F10 /* libc++.tbd in Frameworks */ = {isa = PBXBuildFile; fileRef = 232BF50A2441B24000017F10 /* libc++.tbd */; };
		232BF50D2441BFAE00017F10 /* hubblecast.m4v in Resources */ = {isa = PBXBuildFile; fileRef = 232BF50C2441BFAE00017F10 /* hubblecast.m4v */; };
		23C7AA7E2442BA3E00F3C411 /* YSLiveListViewController.m in Sources */ = {isa = PBXBuildFile; fileRef = 23C7AA7D2442BA3E00F3C411 /* YSLiveListViewController.m */; };
		23C7AA812442BE5200F3C411 /* YSLiveListCell.m in Sources */ = {isa = PBXBuildFile; fileRef = 23C7AA802442BE5200F3C411 /* YSLiveListCell.m */; };
		23C7AB122442C13B00F3C411 /* SDImageHEICCoder.m in Sources */ = {isa = PBXBuildFile; fileRef = 23C7AA852442C13B00F3C411 /* SDImageHEICCoder.m */; };
		23C7AB132442C13B00F3C411 /* NSImage+Compatibility.m in Sources */ = {isa = PBXBuildFile; fileRef = 23C7AA872442C13B00F3C411 /* NSImage+Compatibility.m */; };
		23C7AB142442C13B00F3C411 /* SDAnimatedImageView+WebCache.m in Sources */ = {isa = PBXBuildFile; fileRef = 23C7AA892442C13B00F3C411 /* SDAnimatedImageView+WebCache.m */; };
		23C7AB152442C13B00F3C411 /* SDImageCoder.m in Sources */ = {isa = PBXBuildFile; fileRef = 23C7AA8B2442C13B00F3C411 /* SDImageCoder.m */; };
		23C7AB162442C13B00F3C411 /* SDWebImageDownloaderDecryptor.m in Sources */ = {isa = PBXBuildFile; fileRef = 23C7AA902442C13B00F3C411 /* SDWebImageDownloaderDecryptor.m */; };
		23C7AB172442C13B00F3C411 /* SDWebImageManager.m in Sources */ = {isa = PBXBuildFile; fileRef = 23C7AA942442C13B00F3C411 /* SDWebImageManager.m */; };
		23C7AB182442C13B00F3C411 /* SDImageIOAnimatedCoder.m in Sources */ = {isa = PBXBuildFile; fileRef = 23C7AA962442C13B00F3C411 /* SDImageIOAnimatedCoder.m */; };
		23C7AB192442C13B00F3C411 /* UIImageView+HighlightedWebCache.m in Sources */ = {isa = PBXBuildFile; fileRef = 23C7AA982442C13B00F3C411 /* UIImageView+HighlightedWebCache.m */; };
		23C7AB1A2442C13B00F3C411 /* SDAnimatedImage.m in Sources */ = {isa = PBXBuildFile; fileRef = 23C7AA9D2442C13B00F3C411 /* SDAnimatedImage.m */; };
		23C7AB1B2442C13B00F3C411 /* SDAnimatedImageView.m in Sources */ = {isa = PBXBuildFile; fileRef = 23C7AA9E2442C13B00F3C411 /* SDAnimatedImageView.m */; };
		23C7AB1C2442C13B00F3C411 /* UIImage+ForceDecode.m in Sources */ = {isa = PBXBuildFile; fileRef = 23C7AA9F2442C13B00F3C411 /* UIImage+ForceDecode.m */; };
		23C7AB1D2442C13B00F3C411 /* SDAnimatedImagePlayer.m in Sources */ = {isa = PBXBuildFile; fileRef = 23C7AAA22442C13B00F3C411 /* SDAnimatedImagePlayer.m */; };
		23C7AB1E2442C13B00F3C411 /* UIImage+Transform.m in Sources */ = {isa = PBXBuildFile; fileRef = 23C7AAA32442C13B00F3C411 /* UIImage+Transform.m */; };
		23C7AB1F2442C13B00F3C411 /* SDWebImageDownloader.m in Sources */ = {isa = PBXBuildFile; fileRef = 23C7AAA52442C13B00F3C411 /* SDWebImageDownloader.m */; };
		23C7AB202442C13B00F3C411 /* SDImageLoader.m in Sources */ = {isa = PBXBuildFile; fileRef = 23C7AAA72442C13B00F3C411 /* SDImageLoader.m */; };
		23C7AB212442C13B00F3C411 /* SDWebImageCacheSerializer.m in Sources */ = {isa = PBXBuildFile; fileRef = 23C7AAA82442C13B00F3C411 /* SDWebImageCacheSerializer.m */; };
		23C7AB222442C13B00F3C411 /* SDWebImageIndicator.m in Sources */ = {isa = PBXBuildFile; fileRef = 23C7AAA92442C13B00F3C411 /* SDWebImageIndicator.m */; };
		23C7AB232442C13B00F3C411 /* SDGraphicsImageRenderer.m in Sources */ = {isa = PBXBuildFile; fileRef = 23C7AAAA2442C13B00F3C411 /* SDGraphicsImageRenderer.m */; };
		23C7AB242442C13B00F3C411 /* UIImage+GIF.m in Sources */ = {isa = PBXBuildFile; fileRef = 23C7AAAB2442C13B00F3C411 /* UIImage+GIF.m */; };
		23C7AB252442C13B00F3C411 /* SDImageCodersManager.m in Sources */ = {isa = PBXBuildFile; fileRef = 23C7AAAC2442C13B00F3C411 /* SDImageCodersManager.m */; };
		23C7AB262442C13B00F3C411 /* UIImage+MultiFormat.m in Sources */ = {isa = PBXBuildFile; fileRef = 23C7AAAF2442C13B00F3C411 /* UIImage+MultiFormat.m */; };
		23C7AB272442C13B00F3C411 /* SDMemoryCache.m in Sources */ = {isa = PBXBuildFile; fileRef = 23C7AAB02442C13B00F3C411 /* SDMemoryCache.m */; };
		23C7AB282442C13B00F3C411 /* SDWebImageCompat.m in Sources */ = {isa = PBXBuildFile; fileRef = 23C7AAB22442C13B00F3C411 /* SDWebImageCompat.m */; };
		23C7AB292442C13B00F3C411 /* SDImageAPNGCoder.m in Sources */ = {isa = PBXBuildFile; fileRef = 23C7AAB32442C13B00F3C411 /* SDImageAPNGCoder.m */; };
		23C7AB2A2442C13B00F3C411 /* SDWebImageDownloaderResponseModifier.m in Sources */ = {isa = PBXBuildFile; fileRef = 23C7AAB42442C13B00F3C411 /* SDWebImageDownloaderResponseModifier.m */; };
		23C7AB2B2442C13B00F3C411 /* SDWebImageError.m in Sources */ = {isa = PBXBuildFile; fileRef = 23C7AAB52442C13B00F3C411 /* SDWebImageError.m */; };
		23C7AB2C2442C13B00F3C411 /* SDWebImagePrefetcher.m in Sources */ = {isa = PBXBuildFile; fileRef = 23C7AAB62442C13B00F3C411 /* SDWebImagePrefetcher.m */; };
		23C7AB2D2442C13B00F3C411 /* SDImageCoderHelper.m in Sources */ = {isa = PBXBuildFile; fileRef = 23C7AAB72442C13B00F3C411 /* SDImageCoderHelper.m */; };
		23C7AB2E2442C13B00F3C411 /* NSButton+WebCache.m in Sources */ = {isa = PBXBuildFile; fileRef = 23C7AABC2442C13B00F3C411 /* NSButton+WebCache.m */; };
		23C7AB2F2442C13B00F3C411 /* SDImageIOCoder.m in Sources */ = {isa = PBXBuildFile; fileRef = 23C7AABE2442C13B00F3C411 /* SDImageIOCoder.m */; };
		23C7AB302442C13B00F3C411 /* SDDiskCache.m in Sources */ = {isa = PBXBuildFile; fileRef = 23C7AAC02442C13B00F3C411 /* SDDiskCache.m */; };
		23C7AB312442C13B00F3C411 /* SDAnimatedImageRep.m in Sources */ = {isa = PBXBuildFile; fileRef = 23C7AAC22442C13B00F3C411 /* SDAnimatedImageRep.m */; };
		23C7AB322442C13B00F3C411 /* UIImage+ExtendedCacheData.m in Sources */ = {isa = PBXBuildFile; fileRef = 23C7AAC42442C13B00F3C411 /* UIImage+ExtendedCacheData.m */; };
		23C7AB332442C13B00F3C411 /* SDWebImageDownloaderConfig.m in Sources */ = {isa = PBXBuildFile; fileRef = 23C7AAC62442C13B00F3C411 /* SDWebImageDownloaderConfig.m */; };
		23C7AB342442C13B00F3C411 /* SDImageCache.m in Sources */ = {isa = PBXBuildFile; fileRef = 23C7AAC82442C13B00F3C411 /* SDImageCache.m */; };
		23C7AB352442C13B00F3C411 /* SDImageGIFCoder.m in Sources */ = {isa = PBXBuildFile; fileRef = 23C7AAC92442C13B00F3C411 /* SDImageGIFCoder.m */; };
		23C7AB362442C13B00F3C411 /* SDImageFrame.m in Sources */ = {isa = PBXBuildFile; fileRef = 23C7AACB2442C13B00F3C411 /* SDImageFrame.m */; };
		23C7AB372442C13B00F3C411 /* SDWebImageDownloaderOperation.m in Sources */ = {isa = PBXBuildFile; fileRef = 23C7AACC2442C13B00F3C411 /* SDWebImageDownloaderOperation.m */; };
		23C7AB382442C13B00F3C411 /* SDImageLoadersManager.m in Sources */ = {isa = PBXBuildFile; fileRef = 23C7AACE2442C13B00F3C411 /* SDImageLoadersManager.m */; };
		23C7AB392442C13B00F3C411 /* SDImageCachesManager.m in Sources */ = {isa = PBXBuildFile; fileRef = 23C7AACF2442C13B00F3C411 /* SDImageCachesManager.m */; };
		23C7AB3A2442C13B00F3C411 /* SDWebImageTransition.m in Sources */ = {isa = PBXBuildFile; fileRef = 23C7AAD02442C13B00F3C411 /* SDWebImageTransition.m */; };
		23C7AB3B2442C13B00F3C411 /* SDImageTransformer.m in Sources */ = {isa = PBXBuildFile; fileRef = 23C7AAD22442C13B00F3C411 /* SDImageTransformer.m */; };
		23C7AB3C2442C13B00F3C411 /* NSData+ImageContentType.m in Sources */ = {isa = PBXBuildFile; fileRef = 23C7AAD32442C13B00F3C411 /* NSData+ImageContentType.m */; };
		23C7AB3D2442C13B00F3C411 /* UIImageView+WebCache.m in Sources */ = {isa = PBXBuildFile; fileRef = 23C7AAD42442C13B00F3C411 /* UIImageView+WebCache.m */; };
		23C7AB3E2442C13B00F3C411 /* SDImageGraphics.m in Sources */ = {isa = PBXBuildFile; fileRef = 23C7AAD72442C13B00F3C411 /* SDImageGraphics.m */; };
		23C7AB3F2442C13B00F3C411 /* SDImageCacheDefine.m in Sources */ = {isa = PBXBuildFile; fileRef = 23C7AADC2442C13B00F3C411 /* SDImageCacheDefine.m */; };
		23C7AB402442C13B00F3C411 /* UIImage+MemoryCacheCost.m in Sources */ = {isa = PBXBuildFile; fileRef = 23C7AADE2442C13B00F3C411 /* UIImage+MemoryCacheCost.m */; };
		23C7AB412442C13B00F3C411 /* SDImageCacheConfig.m in Sources */ = {isa = PBXBuildFile; fileRef = 23C7AAE12442C13B00F3C411 /* SDImageCacheConfig.m */; };
		23C7AB422442C13B00F3C411 /* SDWebImageCacheKeyFilter.m in Sources */ = {isa = PBXBuildFile; fileRef = 23C7AAE22442C13B00F3C411 /* SDWebImageCacheKeyFilter.m */; };
		23C7AB432442C13B00F3C411 /* SDWebImageDefine.m in Sources */ = {isa = PBXBuildFile; fileRef = 23C7AAE42442C13B00F3C411 /* SDWebImageDefine.m */; };
		23C7AB442442C13B00F3C411 /* SDWebImageOptionsProcessor.m in Sources */ = {isa = PBXBuildFile; fileRef = 23C7AAE62442C13B00F3C411 /* SDWebImageOptionsProcessor.m */; };
		23C7AB452442C13B00F3C411 /* UIView+WebCacheOperation.m in Sources */ = {isa = PBXBuildFile; fileRef = 23C7AAE72442C13B00F3C411 /* UIView+WebCacheOperation.m */; };
		23C7AB462442C13B00F3C411 /* UIView+WebCache.m in Sources */ = {isa = PBXBuildFile; fileRef = 23C7AAE82442C13B00F3C411 /* UIView+WebCache.m */; };
		23C7AB472442C13B00F3C411 /* UIImage+Metadata.m in Sources */ = {isa = PBXBuildFile; fileRef = 23C7AAEF2442C13B00F3C411 /* UIImage+Metadata.m */; };
		23C7AB482442C13B00F3C411 /* UIButton+WebCache.m in Sources */ = {isa = PBXBuildFile; fileRef = 23C7AAF12442C13B00F3C411 /* UIButton+WebCache.m */; };
		23C7AB492442C13B00F3C411 /* SDWebImageDownloaderRequestModifier.m in Sources */ = {isa = PBXBuildFile; fileRef = 23C7AAF22442C13B00F3C411 /* SDWebImageDownloaderRequestModifier.m */; };
		23C7AB4A2442C13B00F3C411 /* MKAnnotationView+WebCache.m in Sources */ = {isa = PBXBuildFile; fileRef = 23C7AAF62442C13B00F3C411 /* MKAnnotationView+WebCache.m */; };
		23C7AB4B2442C13B00F3C411 /* SDImageCachesManagerOperation.m in Sources */ = {isa = PBXBuildFile; fileRef = 23C7AAFB2442C13B00F3C411 /* SDImageCachesManagerOperation.m */; };
		23C7AB4C2442C13B00F3C411 /* SDImageAssetManager.m in Sources */ = {isa = PBXBuildFile; fileRef = 23C7AAFF2442C13B00F3C411 /* SDImageAssetManager.m */; };
		23C7AB4D2442C13B00F3C411 /* SDDeviceHelper.m in Sources */ = {isa = PBXBuildFile; fileRef = 23C7AB072442C13B00F3C411 /* SDDeviceHelper.m */; };
		23C7AB4E2442C13B00F3C411 /* SDWeakProxy.m in Sources */ = {isa = PBXBuildFile; fileRef = 23C7AB082442C13B00F3C411 /* SDWeakProxy.m */; };
		23C7AB4F2442C13B00F3C411 /* SDInternalMacros.m in Sources */ = {isa = PBXBuildFile; fileRef = 23C7AB092442C13B00F3C411 /* SDInternalMacros.m */; };
		23C7AB502442C13B00F3C411 /* SDFileAttributeHelper.m in Sources */ = {isa = PBXBuildFile; fileRef = 23C7AB0A2442C13B00F3C411 /* SDFileAttributeHelper.m */; };
		23C7AB512442C13B00F3C411 /* SDDisplayLink.m in Sources */ = {isa = PBXBuildFile; fileRef = 23C7AB0C2442C13B00F3C411 /* SDDisplayLink.m */; };
		23C7AB522442C13B00F3C411 /* SDAsyncBlockOperation.m in Sources */ = {isa = PBXBuildFile; fileRef = 23C7AB0E2442C13B00F3C411 /* SDAsyncBlockOperation.m */; };
		23C7AB532442C13B00F3C411 /* NSBezierPath+RoundedCorners.m in Sources */ = {isa = PBXBuildFile; fileRef = 23C7AB0F2442C13B00F3C411 /* NSBezierPath+RoundedCorners.m */; };
		23C7AB542442C13B00F3C411 /* UIColor+HexString.m in Sources */ = {isa = PBXBuildFile; fileRef = 23C7AB102442C13B00F3C411 /* UIColor+HexString.m */; };
		23C7AB552442C13B00F3C411 /* SDAssociatedObject.m in Sources */ = {isa = PBXBuildFile; fileRef = 23C7AB112442C13B00F3C411 /* SDAssociatedObject.m */; };
		23C7AB582442E6F900F3C411 /* YSLiveViewController.m in Sources */ = {isa = PBXBuildFile; fileRef = 23C7AB572442E6F900F3C411 /* YSLiveViewController.m */; };
		23C7AB5E24430DE400F3C411 /* IJKMediaFramework.framework in Frameworks */ = {isa = PBXBuildFile; fileRef = 23C7AB5D24430DE400F3C411 /* IJKMediaFramework.framework */; };
		23C7AB642444087400F3C411 /* YSPlayerController.m in Sources */ = {isa = PBXBuildFile; fileRef = 23C7AB632444087400F3C411 /* YSPlayerController.m */; };
		23C7AB67244408B100F3C411 /* YSPlayerControl.m in Sources */ = {isa = PBXBuildFile; fileRef = 23C7AB66244408B100F3C411 /* YSPlayerControl.m */; };
		23C7AB69244408BE00F3C411 /* YSPlayerControl.xib in Resources */ = {isa = PBXBuildFile; fileRef = 23C7AB68244408BE00F3C411 /* YSPlayerControl.xib */; };
		23C7AB6D24440E9F00F3C411 /* YSPlayerView.m in Sources */ = {isa = PBXBuildFile; fileRef = 23C7AB6C24440E9F00F3C411 /* YSPlayerView.m */; };
		23C7AC05244455E000F3C411 /* NSLayoutConstraint+MASDebugAdditions.m in Sources */ = {isa = PBXBuildFile; fileRef = 23C7ABEC244455E000F3C411 /* NSLayoutConstraint+MASDebugAdditions.m */; };
		23C7AC06244455E000F3C411 /* ViewController+MASAdditions.m in Sources */ = {isa = PBXBuildFile; fileRef = 23C7ABF5244455E000F3C411 /* ViewController+MASAdditions.m */; };
		23C7AC07244455E000F3C411 /* MASCompositeConstraint.m in Sources */ = {isa = PBXBuildFile; fileRef = 23C7ABF9244455E000F3C411 /* MASCompositeConstraint.m */; };
		23C7AC08244455E000F3C411 /* MASConstraintMaker.m in Sources */ = {isa = PBXBuildFile; fileRef = 23C7ABFA244455E000F3C411 /* MASConstraintMaker.m */; };
		23C7AC09244455E000F3C411 /* MASLayoutConstraint.m in Sources */ = {isa = PBXBuildFile; fileRef = 23C7ABFB244455E000F3C411 /* MASLayoutConstraint.m */; };
		23C7AC0A244455E000F3C411 /* NSArray+MASAdditions.m in Sources */ = {isa = PBXBuildFile; fileRef = 23C7ABFC244455E000F3C411 /* NSArray+MASAdditions.m */; };
		23C7AC0B244455E000F3C411 /* View+MASAdditions.m in Sources */ = {isa = PBXBuildFile; fileRef = 23C7ABFD244455E000F3C411 /* View+MASAdditions.m */; };
		23C7AC0C244455E000F3C411 /* MASConstraint.m in Sources */ = {isa = PBXBuildFile; fileRef = 23C7AC00244455E000F3C411 /* MASConstraint.m */; };
		23C7AC0D244455E000F3C411 /* MASViewConstraint.m in Sources */ = {isa = PBXBuildFile; fileRef = 23C7AC02244455E000F3C411 /* MASViewConstraint.m */; };
		23C7AC0E244455E000F3C411 /* MASViewAttribute.m in Sources */ = {isa = PBXBuildFile; fileRef = 23C7AC03244455E000F3C411 /* MASViewAttribute.m */; };
/* End PBXBuildFile section */

/* Begin PBXContainerItemProxy section */
		232BF4D02441A67A00017F10 /* PBXContainerItemProxy */ = {
			isa = PBXContainerItemProxy;
			containerPortal = 232BF4AC2441A67900017F10 /* Project object */;
			proxyType = 1;
			remoteGlobalIDString = 232BF4B32441A67900017F10;
			remoteInfo = ijkplayerDemo;
		};
		232BF4DB2441A67A00017F10 /* PBXContainerItemProxy */ = {
			isa = PBXContainerItemProxy;
			containerPortal = 232BF4AC2441A67900017F10 /* Project object */;
			proxyType = 1;
			remoteGlobalIDString = 232BF4B32441A67900017F10;
			remoteInfo = ijkplayerDemo;
		};
/* End PBXContainerItemProxy section */

/* Begin PBXFileReference section */
		232BF4B42441A67900017F10 /* ijkplayerDemo.app */ = {isa = PBXFileReference; explicitFileType = wrapper.application; includeInIndex = 0; path = ijkplayerDemo.app; sourceTree = BUILT_PRODUCTS_DIR; };
		232BF4B72441A67900017F10 /* AppDelegate.h */ = {isa = PBXFileReference; lastKnownFileType = sourcecode.c.h; path = AppDelegate.h; sourceTree = "<group>"; };
		232BF4B82441A67900017F10 /* AppDelegate.m */ = {isa = PBXFileReference; lastKnownFileType = sourcecode.c.objc; path = AppDelegate.m; sourceTree = "<group>"; };
		232BF4BA2441A67900017F10 /* SceneDelegate.h */ = {isa = PBXFileReference; lastKnownFileType = sourcecode.c.h; path = SceneDelegate.h; sourceTree = "<group>"; };
		232BF4BB2441A67900017F10 /* SceneDelegate.m */ = {isa = PBXFileReference; lastKnownFileType = sourcecode.c.objc; path = SceneDelegate.m; sourceTree = "<group>"; };
		232BF4BD2441A67900017F10 /* ViewController.h */ = {isa = PBXFileReference; lastKnownFileType = sourcecode.c.h; path = ViewController.h; sourceTree = "<group>"; };
		232BF4BE2441A67900017F10 /* ViewController.m */ = {isa = PBXFileReference; lastKnownFileType = sourcecode.c.objc; path = ViewController.m; sourceTree = "<group>"; };
		232BF4C12441A67900017F10 /* Base */ = {isa = PBXFileReference; lastKnownFileType = file.storyboard; name = Base; path = Base.lproj/Main.storyboard; sourceTree = "<group>"; };
		232BF4C32441A67900017F10 /* Assets.xcassets */ = {isa = PBXFileReference; lastKnownFileType = folder.assetcatalog; path = Assets.xcassets; sourceTree = "<group>"; };
		232BF4C62441A67900017F10 /* Base */ = {isa = PBXFileReference; lastKnownFileType = file.storyboard; name = Base; path = Base.lproj/LaunchScreen.storyboard; sourceTree = "<group>"; };
		232BF4C82441A67900017F10 /* Info.plist */ = {isa = PBXFileReference; lastKnownFileType = text.plist.xml; path = Info.plist; sourceTree = "<group>"; };
		232BF4C92441A67900017F10 /* main.m */ = {isa = PBXFileReference; lastKnownFileType = sourcecode.c.objc; path = main.m; sourceTree = "<group>"; };
		232BF4CF2441A67A00017F10 /* ijkplayerDemoTests.xctest */ = {isa = PBXFileReference; explicitFileType = wrapper.cfbundle; includeInIndex = 0; path = ijkplayerDemoTests.xctest; sourceTree = BUILT_PRODUCTS_DIR; };
		232BF4D32441A67A00017F10 /* ijkplayerDemoTests.m */ = {isa = PBXFileReference; lastKnownFileType = sourcecode.c.objc; path = ijkplayerDemoTests.m; sourceTree = "<group>"; };
		232BF4D52441A67A00017F10 /* Info.plist */ = {isa = PBXFileReference; lastKnownFileType = text.plist.xml; path = Info.plist; sourceTree = "<group>"; };
		232BF4DA2441A67A00017F10 /* ijkplayerDemoUITests.xctest */ = {isa = PBXFileReference; explicitFileType = wrapper.cfbundle; includeInIndex = 0; path = ijkplayerDemoUITests.xctest; sourceTree = BUILT_PRODUCTS_DIR; };
		232BF4DE2441A67A00017F10 /* ijkplayerDemoUITests.m */ = {isa = PBXFileReference; lastKnownFileType = sourcecode.c.objc; path = ijkplayerDemoUITests.m; sourceTree = "<group>"; };
		232BF4E02441A67A00017F10 /* Info.plist */ = {isa = PBXFileReference; lastKnownFileType = text.plist.xml; path = Info.plist; sourceTree = "<group>"; };
		232BF4EF2441A82000017F10 /* AudioToolbox.framework */ = {isa = PBXFileReference; lastKnownFileType = wrapper.framework; name = AudioToolbox.framework; path = System/Library/Frameworks/AudioToolbox.framework; sourceTree = SDKROOT; };
		232BF4F12441A82A00017F10 /* AVFoundation.framework */ = {isa = PBXFileReference; lastKnownFileType = wrapper.framework; name = AVFoundation.framework; path = System/Library/Frameworks/AVFoundation.framework; sourceTree = SDKROOT; };
		232BF4F32441A83300017F10 /* CoreGraphics.framework */ = {isa = PBXFileReference; lastKnownFileType = wrapper.framework; name = CoreGraphics.framework; path = System/Library/Frameworks/CoreGraphics.framework; sourceTree = SDKROOT; };
		232BF4F52441A83C00017F10 /* CoreMedia.framework */ = {isa = PBXFileReference; lastKnownFileType = wrapper.framework; name = CoreMedia.framework; path = System/Library/Frameworks/CoreMedia.framework; sourceTree = SDKROOT; };
		232BF4F72441A84700017F10 /* CoreVideo.framework */ = {isa = PBXFileReference; lastKnownFileType = wrapper.framework; name = CoreVideo.framework; path = System/Library/Frameworks/CoreVideo.framework; sourceTree = SDKROOT; };
		232BF4F92441A85100017F10 /* libbz2.tbd */ = {isa = PBXFileReference; lastKnownFileType = "sourcecode.text-based-dylib-definition"; name = libbz2.tbd; path = usr/lib/libbz2.tbd; sourceTree = SDKROOT; };
		232BF4FB2441A85E00017F10 /* libz.tbd */ = {isa = PBXFileReference; lastKnownFileType = "sourcecode.text-based-dylib-definition"; name = libz.tbd; path = usr/lib/libz.tbd; sourceTree = SDKROOT; };
		232BF4FD2441A86700017F10 /* MediaPlayer.framework */ = {isa = PBXFileReference; lastKnownFileType = wrapper.framework; name = MediaPlayer.framework; path = System/Library/Frameworks/MediaPlayer.framework; sourceTree = SDKROOT; };
		232BF4FF2441A87000017F10 /* MobileCoreServices.framework */ = {isa = PBXFileReference; lastKnownFileType = wrapper.framework; name = MobileCoreServices.framework; path = System/Library/Frameworks/MobileCoreServices.framework; sourceTree = SDKROOT; };
		232BF5012441A87B00017F10 /* OpenGLES.framework */ = {isa = PBXFileReference; lastKnownFileType = wrapper.framework; name = OpenGLES.framework; path = System/Library/Frameworks/OpenGLES.framework; sourceTree = SDKROOT; };
		232BF5032441A88400017F10 /* QuartzCore.framework */ = {isa = PBXFileReference; lastKnownFileType = wrapper.framework; name = QuartzCore.framework; path = System/Library/Frameworks/QuartzCore.framework; sourceTree = SDKROOT; };
		232BF5052441A88F00017F10 /* VideoToolbox.framework */ = {isa = PBXFileReference; lastKnownFileType = wrapper.framework; name = VideoToolbox.framework; path = System/Library/Frameworks/VideoToolbox.framework; sourceTree = SDKROOT; };
		232BF5072441AD1700017F10 /* YSAVViewController.h */ = {isa = PBXFileReference; lastKnownFileType = sourcecode.c.h; path = YSAVViewController.h; sourceTree = "<group>"; };
		232BF5082441AD1700017F10 /* YSAVViewController.m */ = {isa = PBXFileReference; lastKnownFileType = sourcecode.c.objc; path = YSAVViewController.m; sourceTree = "<group>"; };
		232BF50A2441B24000017F10 /* libc++.tbd */ = {isa = PBXFileReference; lastKnownFileType = "sourcecode.text-based-dylib-definition"; name = "libc++.tbd"; path = "usr/lib/libc++.tbd"; sourceTree = SDKROOT; };
		232BF50C2441BFAE00017F10 /* hubblecast.m4v */ = {isa = PBXFileReference; lastKnownFileType = file; path = hubblecast.m4v; sourceTree = "<group>"; };
		232BF5162441F37D00017F10 /* libiconv.tbd */ = {isa = PBXFileReference; lastKnownFileType = "sourcecode.text-based-dylib-definition"; name = libiconv.tbd; path = usr/lib/libiconv.tbd; sourceTree = SDKROOT; };
		23C7AA7C2442BA3E00F3C411 /* YSLiveListViewController.h */ = {isa = PBXFileReference; lastKnownFileType = sourcecode.c.h; path = YSLiveListViewController.h; sourceTree = "<group>"; };
		23C7AA7D2442BA3E00F3C411 /* YSLiveListViewController.m */ = {isa = PBXFileReference; lastKnownFileType = sourcecode.c.objc; path = YSLiveListViewController.m; sourceTree = "<group>"; };
		23C7AA7F2442BE5200F3C411 /* YSLiveListCell.h */ = {isa = PBXFileReference; lastKnownFileType = sourcecode.c.h; path = YSLiveListCell.h; sourceTree = "<group>"; };
		23C7AA802442BE5200F3C411 /* YSLiveListCell.m */ = {isa = PBXFileReference; lastKnownFileType = sourcecode.c.objc; path = YSLiveListCell.m; sourceTree = "<group>"; };
		23C7AA842442C13B00F3C411 /* UIImage+ExtendedCacheData.h */ = {isa = PBXFileReference; fileEncoding = 4; lastKnownFileType = sourcecode.c.h; path = "UIImage+ExtendedCacheData.h"; sourceTree = "<group>"; };
		23C7AA852442C13B00F3C411 /* SDImageHEICCoder.m */ = {isa = PBXFileReference; fileEncoding = 4; lastKnownFileType = sourcecode.c.objc; path = SDImageHEICCoder.m; sourceTree = "<group>"; };
		23C7AA862442C13B00F3C411 /* SDAnimatedImageRep.h */ = {isa = PBXFileReference; fileEncoding = 4; lastKnownFileType = sourcecode.c.h; path = SDAnimatedImageRep.h; sourceTree = "<group>"; };
		23C7AA872442C13B00F3C411 /* NSImage+Compatibility.m */ = {isa = PBXFileReference; fileEncoding = 4; lastKnownFileType = sourcecode.c.objc; path = "NSImage+Compatibility.m"; sourceTree = "<group>"; };
		23C7AA882442C13B00F3C411 /* SDDiskCache.h */ = {isa = PBXFileReference; fileEncoding = 4; lastKnownFileType = sourcecode.c.h; path = SDDiskCache.h; sourceTree = "<group>"; };
		23C7AA892442C13B00F3C411 /* SDAnimatedImageView+WebCache.m */ = {isa = PBXFileReference; fileEncoding = 4; lastKnownFileType = sourcecode.c.objc; path = "SDAnimatedImageView+WebCache.m"; sourceTree = "<group>"; };
		23C7AA8A2442C13B00F3C411 /* SDImageIOCoder.h */ = {isa = PBXFileReference; fileEncoding = 4; lastKnownFileType = sourcecode.c.h; path = SDImageIOCoder.h; sourceTree = "<group>"; };
		23C7AA8B2442C13B00F3C411 /* SDImageCoder.m */ = {isa = PBXFileReference; fileEncoding = 4; lastKnownFileType = sourcecode.c.objc; path = SDImageCoder.m; sourceTree = "<group>"; };
		23C7AA8C2442C13B00F3C411 /* NSButton+WebCache.h */ = {isa = PBXFileReference; fileEncoding = 4; lastKnownFileType = sourcecode.c.h; path = "NSButton+WebCache.h"; sourceTree = "<group>"; };
		23C7AA8D2442C13B00F3C411 /* SDImageGraphics.h */ = {isa = PBXFileReference; fileEncoding = 4; lastKnownFileType = sourcecode.c.h; path = SDImageGraphics.h; sourceTree = "<group>"; };
		23C7AA8E2442C13B00F3C411 /* UIImageView+WebCache.h */ = {isa = PBXFileReference; fileEncoding = 4; lastKnownFileType = sourcecode.c.h; path = "UIImageView+WebCache.h"; sourceTree = "<group>"; };
		23C7AA8F2442C13B00F3C411 /* NSData+ImageContentType.h */ = {isa = PBXFileReference; fileEncoding = 4; lastKnownFileType = sourcecode.c.h; path = "NSData+ImageContentType.h"; sourceTree = "<group>"; };
		23C7AA902442C13B00F3C411 /* SDWebImageDownloaderDecryptor.m */ = {isa = PBXFileReference; fileEncoding = 4; lastKnownFileType = sourcecode.c.objc; path = SDWebImageDownloaderDecryptor.m; sourceTree = "<group>"; };
		23C7AA912442C13B00F3C411 /* SDImageTransformer.h */ = {isa = PBXFileReference; fileEncoding = 4; lastKnownFileType = sourcecode.c.h; path = SDImageTransformer.h; sourceTree = "<group>"; };
		23C7AA922442C13B00F3C411 /* SDImageCachesManager.h */ = {isa = PBXFileReference; fileEncoding = 4; lastKnownFileType = sourcecode.c.h; path = SDImageCachesManager.h; sourceTree = "<group>"; };
		23C7AA932442C13B00F3C411 /* SDWebImageTransition.h */ = {isa = PBXFileReference; fileEncoding = 4; lastKnownFileType = sourcecode.c.h; path = SDWebImageTransition.h; sourceTree = "<group>"; };
		23C7AA942442C13B00F3C411 /* SDWebImageManager.m */ = {isa = PBXFileReference; fileEncoding = 4; lastKnownFileType = sourcecode.c.objc; path = SDWebImageManager.m; sourceTree = "<group>"; };
		23C7AA952442C13B00F3C411 /* SDImageLoadersManager.h */ = {isa = PBXFileReference; fileEncoding = 4; lastKnownFileType = sourcecode.c.h; path = SDImageLoadersManager.h; sourceTree = "<group>"; };
		23C7AA962442C13B00F3C411 /* SDImageIOAnimatedCoder.m */ = {isa = PBXFileReference; fileEncoding = 4; lastKnownFileType = sourcecode.c.objc; path = SDImageIOAnimatedCoder.m; sourceTree = "<group>"; };
		23C7AA972442C13B00F3C411 /* SDWebImageDownloaderOperation.h */ = {isa = PBXFileReference; fileEncoding = 4; lastKnownFileType = sourcecode.c.h; path = SDWebImageDownloaderOperation.h; sourceTree = "<group>"; };
		23C7AA982442C13B00F3C411 /* UIImageView+HighlightedWebCache.m */ = {isa = PBXFileReference; fileEncoding = 4; lastKnownFileType = sourcecode.c.objc; path = "UIImageView+HighlightedWebCache.m"; sourceTree = "<group>"; };
		23C7AA992442C13B00F3C411 /* SDImageFrame.h */ = {isa = PBXFileReference; fileEncoding = 4; lastKnownFileType = sourcecode.c.h; path = SDImageFrame.h; sourceTree = "<group>"; };
		23C7AA9A2442C13B00F3C411 /* SDImageGIFCoder.h */ = {isa = PBXFileReference; fileEncoding = 4; lastKnownFileType = sourcecode.c.h; path = SDImageGIFCoder.h; sourceTree = "<group>"; };
		23C7AA9B2442C13B00F3C411 /* SDImageCache.h */ = {isa = PBXFileReference; fileEncoding = 4; lastKnownFileType = sourcecode.c.h; path = SDImageCache.h; sourceTree = "<group>"; };
		23C7AA9C2442C13B00F3C411 /* SDWebImageDownloaderConfig.h */ = {isa = PBXFileReference; fileEncoding = 4; lastKnownFileType = sourcecode.c.h; path = SDWebImageDownloaderConfig.h; sourceTree = "<group>"; };
		23C7AA9D2442C13B00F3C411 /* SDAnimatedImage.m */ = {isa = PBXFileReference; fileEncoding = 4; lastKnownFileType = sourcecode.c.objc; path = SDAnimatedImage.m; sourceTree = "<group>"; };
		23C7AA9E2442C13B00F3C411 /* SDAnimatedImageView.m */ = {isa = PBXFileReference; fileEncoding = 4; lastKnownFileType = sourcecode.c.objc; path = SDAnimatedImageView.m; sourceTree = "<group>"; };
		23C7AA9F2442C13B00F3C411 /* UIImage+ForceDecode.m */ = {isa = PBXFileReference; fileEncoding = 4; lastKnownFileType = sourcecode.c.objc; path = "UIImage+ForceDecode.m"; sourceTree = "<group>"; };
		23C7AAA02442C13B00F3C411 /* SDImageCacheConfig.h */ = {isa = PBXFileReference; fileEncoding = 4; lastKnownFileType = sourcecode.c.h; path = SDImageCacheConfig.h; sourceTree = "<group>"; };
		23C7AAA12442C13B00F3C411 /* SDWebImageCacheKeyFilter.h */ = {isa = PBXFileReference; fileEncoding = 4; lastKnownFileType = sourcecode.c.h; path = SDWebImageCacheKeyFilter.h; sourceTree = "<group>"; };
		23C7AAA22442C13B00F3C411 /* SDAnimatedImagePlayer.m */ = {isa = PBXFileReference; fileEncoding = 4; lastKnownFileType = sourcecode.c.objc; path = SDAnimatedImagePlayer.m; sourceTree = "<group>"; };
		23C7AAA32442C13B00F3C411 /* UIImage+Transform.m */ = {isa = PBXFileReference; fileEncoding = 4; lastKnownFileType = sourcecode.c.objc; path = "UIImage+Transform.m"; sourceTree = "<group>"; };
		23C7AAA42442C13B00F3C411 /* UIImage+MemoryCacheCost.h */ = {isa = PBXFileReference; fileEncoding = 4; lastKnownFileType = sourcecode.c.h; path = "UIImage+MemoryCacheCost.h"; sourceTree = "<group>"; };
		23C7AAA52442C13B00F3C411 /* SDWebImageDownloader.m */ = {isa = PBXFileReference; fileEncoding = 4; lastKnownFileType = sourcecode.c.objc; path = SDWebImageDownloader.m; sourceTree = "<group>"; };
		23C7AAA62442C13B00F3C411 /* SDImageCacheDefine.h */ = {isa = PBXFileReference; fileEncoding = 4; lastKnownFileType = sourcecode.c.h; path = SDImageCacheDefine.h; sourceTree = "<group>"; };
		23C7AAA72442C13B00F3C411 /* SDImageLoader.m */ = {isa = PBXFileReference; fileEncoding = 4; lastKnownFileType = sourcecode.c.objc; path = SDImageLoader.m; sourceTree = "<group>"; };
		23C7AAA82442C13B00F3C411 /* SDWebImageCacheSerializer.m */ = {isa = PBXFileReference; fileEncoding = 4; lastKnownFileType = sourcecode.c.objc; path = SDWebImageCacheSerializer.m; sourceTree = "<group>"; };
		23C7AAA92442C13B00F3C411 /* SDWebImageIndicator.m */ = {isa = PBXFileReference; fileEncoding = 4; lastKnownFileType = sourcecode.c.objc; path = SDWebImageIndicator.m; sourceTree = "<group>"; };
		23C7AAAA2442C13B00F3C411 /* SDGraphicsImageRenderer.m */ = {isa = PBXFileReference; fileEncoding = 4; lastKnownFileType = sourcecode.c.objc; path = SDGraphicsImageRenderer.m; sourceTree = "<group>"; };
		23C7AAAB2442C13B00F3C411 /* UIImage+GIF.m */ = {isa = PBXFileReference; fileEncoding = 4; lastKnownFileType = sourcecode.c.objc; path = "UIImage+GIF.m"; sourceTree = "<group>"; };
		23C7AAAC2442C13B00F3C411 /* SDImageCodersManager.m */ = {isa = PBXFileReference; fileEncoding = 4; lastKnownFileType = sourcecode.c.objc; path = SDImageCodersManager.m; sourceTree = "<group>"; };
		23C7AAAD2442C13B00F3C411 /* UIButton+WebCache.h */ = {isa = PBXFileReference; fileEncoding = 4; lastKnownFileType = sourcecode.c.h; path = "UIButton+WebCache.h"; sourceTree = "<group>"; };
		23C7AAAE2442C13B00F3C411 /* SDWebImageDownloaderRequestModifier.h */ = {isa = PBXFileReference; fileEncoding = 4; lastKnownFileType = sourcecode.c.h; path = SDWebImageDownloaderRequestModifier.h; sourceTree = "<group>"; };
		23C7AAAF2442C13B00F3C411 /* UIImage+MultiFormat.m */ = {isa = PBXFileReference; fileEncoding = 4; lastKnownFileType = sourcecode.c.objc; path = "UIImage+MultiFormat.m"; sourceTree = "<group>"; };
		23C7AAB02442C13B00F3C411 /* SDMemoryCache.m */ = {isa = PBXFileReference; fileEncoding = 4; lastKnownFileType = sourcecode.c.objc; path = SDMemoryCache.m; sourceTree = "<group>"; };
		23C7AAB12442C13B00F3C411 /* UIImage+Metadata.h */ = {isa = PBXFileReference; fileEncoding = 4; lastKnownFileType = sourcecode.c.h; path = "UIImage+Metadata.h"; sourceTree = "<group>"; };
		23C7AAB22442C13B00F3C411 /* SDWebImageCompat.m */ = {isa = PBXFileReference; fileEncoding = 4; lastKnownFileType = sourcecode.c.objc; path = SDWebImageCompat.m; sourceTree = "<group>"; };
		23C7AAB32442C13B00F3C411 /* SDImageAPNGCoder.m */ = {isa = PBXFileReference; fileEncoding = 4; lastKnownFileType = sourcecode.c.objc; path = SDImageAPNGCoder.m; sourceTree = "<group>"; };
		23C7AAB42442C13B00F3C411 /* SDWebImageDownloaderResponseModifier.m */ = {isa = PBXFileReference; fileEncoding = 4; lastKnownFileType = sourcecode.c.objc; path = SDWebImageDownloaderResponseModifier.m; sourceTree = "<group>"; };
		23C7AAB52442C13B00F3C411 /* SDWebImageError.m */ = {isa = PBXFileReference; fileEncoding = 4; lastKnownFileType = sourcecode.c.objc; path = SDWebImageError.m; sourceTree = "<group>"; };
		23C7AAB62442C13B00F3C411 /* SDWebImagePrefetcher.m */ = {isa = PBXFileReference; fileEncoding = 4; lastKnownFileType = sourcecode.c.objc; path = SDWebImagePrefetcher.m; sourceTree = "<group>"; };
		23C7AAB72442C13B00F3C411 /* SDImageCoderHelper.m */ = {isa = PBXFileReference; fileEncoding = 4; lastKnownFileType = sourcecode.c.objc; path = SDImageCoderHelper.m; sourceTree = "<group>"; };
		23C7AAB82442C13B00F3C411 /* SDWebImageOptionsProcessor.h */ = {isa = PBXFileReference; fileEncoding = 4; lastKnownFileType = sourcecode.c.h; path = SDWebImageOptionsProcessor.h; sourceTree = "<group>"; };
		23C7AAB92442C13B00F3C411 /* UIView+WebCache.h */ = {isa = PBXFileReference; fileEncoding = 4; lastKnownFileType = sourcecode.c.h; path = "UIView+WebCache.h"; sourceTree = "<group>"; };
		23C7AABA2442C13B00F3C411 /* UIView+WebCacheOperation.h */ = {isa = PBXFileReference; fileEncoding = 4; lastKnownFileType = sourcecode.c.h; path = "UIView+WebCacheOperation.h"; sourceTree = "<group>"; };
		23C7AABB2442C13B00F3C411 /* SDWebImageDefine.h */ = {isa = PBXFileReference; fileEncoding = 4; lastKnownFileType = sourcecode.c.h; path = SDWebImageDefine.h; sourceTree = "<group>"; };
		23C7AABC2442C13B00F3C411 /* NSButton+WebCache.m */ = {isa = PBXFileReference; fileEncoding = 4; lastKnownFileType = sourcecode.c.objc; path = "NSButton+WebCache.m"; sourceTree = "<group>"; };
		23C7AABD2442C13B00F3C411 /* SDImageCoder.h */ = {isa = PBXFileReference; fileEncoding = 4; lastKnownFileType = sourcecode.c.h; path = SDImageCoder.h; sourceTree = "<group>"; };
		23C7AABE2442C13B00F3C411 /* SDImageIOCoder.m */ = {isa = PBXFileReference; fileEncoding = 4; lastKnownFileType = sourcecode.c.objc; path = SDImageIOCoder.m; sourceTree = "<group>"; };
		23C7AABF2442C13B00F3C411 /* SDAnimatedImageView+WebCache.h */ = {isa = PBXFileReference; fileEncoding = 4; lastKnownFileType = sourcecode.c.h; path = "SDAnimatedImageView+WebCache.h"; sourceTree = "<group>"; };
		23C7AAC02442C13B00F3C411 /* SDDiskCache.m */ = {isa = PBXFileReference; fileEncoding = 4; lastKnownFileType = sourcecode.c.objc; path = SDDiskCache.m; sourceTree = "<group>"; };
		23C7AAC12442C13B00F3C411 /* NSImage+Compatibility.h */ = {isa = PBXFileReference; fileEncoding = 4; lastKnownFileType = sourcecode.c.h; path = "NSImage+Compatibility.h"; sourceTree = "<group>"; };
		23C7AAC22442C13B00F3C411 /* SDAnimatedImageRep.m */ = {isa = PBXFileReference; fileEncoding = 4; lastKnownFileType = sourcecode.c.objc; path = SDAnimatedImageRep.m; sourceTree = "<group>"; };
		23C7AAC32442C13B00F3C411 /* SDImageHEICCoder.h */ = {isa = PBXFileReference; fileEncoding = 4; lastKnownFileType = sourcecode.c.h; path = SDImageHEICCoder.h; sourceTree = "<group>"; };
		23C7AAC42442C13B00F3C411 /* UIImage+ExtendedCacheData.m */ = {isa = PBXFileReference; fileEncoding = 4; lastKnownFileType = sourcecode.c.objc; path = "UIImage+ExtendedCacheData.m"; sourceTree = "<group>"; };
		23C7AAC52442C13B00F3C411 /* SDAnimatedImageView.h */ = {isa = PBXFileReference; fileEncoding = 4; lastKnownFileType = sourcecode.c.h; path = SDAnimatedImageView.h; sourceTree = "<group>"; };
		23C7AAC62442C13B00F3C411 /* SDWebImageDownloaderConfig.m */ = {isa = PBXFileReference; fileEncoding = 4; lastKnownFileType = sourcecode.c.objc; path = SDWebImageDownloaderConfig.m; sourceTree = "<group>"; };
		23C7AAC72442C13B00F3C411 /* SDAnimatedImage.h */ = {isa = PBXFileReference; fileEncoding = 4; lastKnownFileType = sourcecode.c.h; path = SDAnimatedImage.h; sourceTree = "<group>"; };
		23C7AAC82442C13B00F3C411 /* SDImageCache.m */ = {isa = PBXFileReference; fileEncoding = 4; lastKnownFileType = sourcecode.c.objc; path = SDImageCache.m; sourceTree = "<group>"; };
		23C7AAC92442C13B00F3C411 /* SDImageGIFCoder.m */ = {isa = PBXFileReference; fileEncoding = 4; lastKnownFileType = sourcecode.c.objc; path = SDImageGIFCoder.m; sourceTree = "<group>"; };
		23C7AACA2442C13B00F3C411 /* UIImageView+HighlightedWebCache.h */ = {isa = PBXFileReference; fileEncoding = 4; lastKnownFileType = sourcecode.c.h; path = "UIImageView+HighlightedWebCache.h"; sourceTree = "<group>"; };
		23C7AACB2442C13B00F3C411 /* SDImageFrame.m */ = {isa = PBXFileReference; fileEncoding = 4; lastKnownFileType = sourcecode.c.objc; path = SDImageFrame.m; sourceTree = "<group>"; };
		23C7AACC2442C13B00F3C411 /* SDWebImageDownloaderOperation.m */ = {isa = PBXFileReference; fileEncoding = 4; lastKnownFileType = sourcecode.c.objc; path = SDWebImageDownloaderOperation.m; sourceTree = "<group>"; };
		23C7AACD2442C13B00F3C411 /* SDImageIOAnimatedCoder.h */ = {isa = PBXFileReference; fileEncoding = 4; lastKnownFileType = sourcecode.c.h; path = SDImageIOAnimatedCoder.h; sourceTree = "<group>"; };
		23C7AACE2442C13B00F3C411 /* SDImageLoadersManager.m */ = {isa = PBXFileReference; fileEncoding = 4; lastKnownFileType = sourcecode.c.objc; path = SDImageLoadersManager.m; sourceTree = "<group>"; };
		23C7AACF2442C13B00F3C411 /* SDImageCachesManager.m */ = {isa = PBXFileReference; fileEncoding = 4; lastKnownFileType = sourcecode.c.objc; path = SDImageCachesManager.m; sourceTree = "<group>"; };
		23C7AAD02442C13B00F3C411 /* SDWebImageTransition.m */ = {isa = PBXFileReference; fileEncoding = 4; lastKnownFileType = sourcecode.c.objc; path = SDWebImageTransition.m; sourceTree = "<group>"; };
		23C7AAD12442C13B00F3C411 /* SDWebImageManager.h */ = {isa = PBXFileReference; fileEncoding = 4; lastKnownFileType = sourcecode.c.h; path = SDWebImageManager.h; sourceTree = "<group>"; };
		23C7AAD22442C13B00F3C411 /* SDImageTransformer.m */ = {isa = PBXFileReference; fileEncoding = 4; lastKnownFileType = sourcecode.c.objc; path = SDImageTransformer.m; sourceTree = "<group>"; };
		23C7AAD32442C13B00F3C411 /* NSData+ImageContentType.m */ = {isa = PBXFileReference; fileEncoding = 4; lastKnownFileType = sourcecode.c.objc; path = "NSData+ImageContentType.m"; sourceTree = "<group>"; };
		23C7AAD42442C13B00F3C411 /* UIImageView+WebCache.m */ = {isa = PBXFileReference; fileEncoding = 4; lastKnownFileType = sourcecode.c.objc; path = "UIImageView+WebCache.m"; sourceTree = "<group>"; };
		23C7AAD52442C13B00F3C411 /* SDWebImageDownloaderDecryptor.h */ = {isa = PBXFileReference; fileEncoding = 4; lastKnownFileType = sourcecode.c.h; path = SDWebImageDownloaderDecryptor.h; sourceTree = "<group>"; };
		23C7AAD62442C13B00F3C411 /* SDWebImageOperation.h */ = {isa = PBXFileReference; fileEncoding = 4; lastKnownFileType = sourcecode.c.h; path = SDWebImageOperation.h; sourceTree = "<group>"; };
		23C7AAD72442C13B00F3C411 /* SDImageGraphics.m */ = {isa = PBXFileReference; fileEncoding = 4; lastKnownFileType = sourcecode.c.objc; path = SDImageGraphics.m; sourceTree = "<group>"; };
		23C7AAD82442C13B00F3C411 /* SDGraphicsImageRenderer.h */ = {isa = PBXFileReference; fileEncoding = 4; lastKnownFileType = sourcecode.c.h; path = SDGraphicsImageRenderer.h; sourceTree = "<group>"; };
		23C7AAD92442C13B00F3C411 /* SDWebImageIndicator.h */ = {isa = PBXFileReference; fileEncoding = 4; lastKnownFileType = sourcecode.c.h; path = SDWebImageIndicator.h; sourceTree = "<group>"; };
		23C7AADA2442C13B00F3C411 /* SDWebImageCacheSerializer.h */ = {isa = PBXFileReference; fileEncoding = 4; lastKnownFileType = sourcecode.c.h; path = SDWebImageCacheSerializer.h; sourceTree = "<group>"; };
		23C7AADB2442C13B00F3C411 /* SDImageLoader.h */ = {isa = PBXFileReference; fileEncoding = 4; lastKnownFileType = sourcecode.c.h; path = SDImageLoader.h; sourceTree = "<group>"; };
		23C7AADC2442C13B00F3C411 /* SDImageCacheDefine.m */ = {isa = PBXFileReference; fileEncoding = 4; lastKnownFileType = sourcecode.c.objc; path = SDImageCacheDefine.m; sourceTree = "<group>"; };
		23C7AADD2442C13B00F3C411 /* SDWebImageDownloader.h */ = {isa = PBXFileReference; fileEncoding = 4; lastKnownFileType = sourcecode.c.h; path = SDWebImageDownloader.h; sourceTree = "<group>"; };
		23C7AADE2442C13B00F3C411 /* UIImage+MemoryCacheCost.m */ = {isa = PBXFileReference; fileEncoding = 4; lastKnownFileType = sourcecode.c.objc; path = "UIImage+MemoryCacheCost.m"; sourceTree = "<group>"; };
		23C7AADF2442C13B00F3C411 /* UIImage+Transform.h */ = {isa = PBXFileReference; fileEncoding = 4; lastKnownFileType = sourcecode.c.h; path = "UIImage+Transform.h"; sourceTree = "<group>"; };
		23C7AAE02442C13B00F3C411 /* SDAnimatedImagePlayer.h */ = {isa = PBXFileReference; fileEncoding = 4; lastKnownFileType = sourcecode.c.h; path = SDAnimatedImagePlayer.h; sourceTree = "<group>"; };
		23C7AAE12442C13B00F3C411 /* SDImageCacheConfig.m */ = {isa = PBXFileReference; fileEncoding = 4; lastKnownFileType = sourcecode.c.objc; path = SDImageCacheConfig.m; sourceTree = "<group>"; };
		23C7AAE22442C13B00F3C411 /* SDWebImageCacheKeyFilter.m */ = {isa = PBXFileReference; fileEncoding = 4; lastKnownFileType = sourcecode.c.objc; path = SDWebImageCacheKeyFilter.m; sourceTree = "<group>"; };
		23C7AAE32442C13B00F3C411 /* UIImage+ForceDecode.h */ = {isa = PBXFileReference; fileEncoding = 4; lastKnownFileType = sourcecode.c.h; path = "UIImage+ForceDecode.h"; sourceTree = "<group>"; };
		23C7AAE42442C13B00F3C411 /* SDWebImageDefine.m */ = {isa = PBXFileReference; fileEncoding = 4; lastKnownFileType = sourcecode.c.objc; path = SDWebImageDefine.m; sourceTree = "<group>"; };
		23C7AAE52442C13B00F3C411 /* SDImageCoderHelper.h */ = {isa = PBXFileReference; fileEncoding = 4; lastKnownFileType = sourcecode.c.h; path = SDImageCoderHelper.h; sourceTree = "<group>"; };
		23C7AAE62442C13B00F3C411 /* SDWebImageOptionsProcessor.m */ = {isa = PBXFileReference; fileEncoding = 4; lastKnownFileType = sourcecode.c.objc; path = SDWebImageOptionsProcessor.m; sourceTree = "<group>"; };
		23C7AAE72442C13B00F3C411 /* UIView+WebCacheOperation.m */ = {isa = PBXFileReference; fileEncoding = 4; lastKnownFileType = sourcecode.c.objc; path = "UIView+WebCacheOperation.m"; sourceTree = "<group>"; };
		23C7AAE82442C13B00F3C411 /* UIView+WebCache.m */ = {isa = PBXFileReference; fileEncoding = 4; lastKnownFileType = sourcecode.c.objc; path = "UIView+WebCache.m"; sourceTree = "<group>"; };
		23C7AAE92442C13B00F3C411 /* SDWebImagePrefetcher.h */ = {isa = PBXFileReference; fileEncoding = 4; lastKnownFileType = sourcecode.c.h; path = SDWebImagePrefetcher.h; sourceTree = "<group>"; };
		23C7AAEA2442C13B00F3C411 /* SDWebImageDownloaderResponseModifier.h */ = {isa = PBXFileReference; fileEncoding = 4; lastKnownFileType = sourcecode.c.h; path = SDWebImageDownloaderResponseModifier.h; sourceTree = "<group>"; };
		23C7AAEB2442C13B00F3C411 /* SDImageAPNGCoder.h */ = {isa = PBXFileReference; fileEncoding = 4; lastKnownFileType = sourcecode.c.h; path = SDImageAPNGCoder.h; sourceTree = "<group>"; };
		23C7AAEC2442C13B00F3C411 /* SDWebImageError.h */ = {isa = PBXFileReference; fileEncoding = 4; lastKnownFileType = sourcecode.c.h; path = SDWebImageError.h; sourceTree = "<group>"; };
		23C7AAED2442C13B00F3C411 /* SDWebImageCompat.h */ = {isa = PBXFileReference; fileEncoding = 4; lastKnownFileType = sourcecode.c.h; path = SDWebImageCompat.h; sourceTree = "<group>"; };
		23C7AAEE2442C13B00F3C411 /* SDMemoryCache.h */ = {isa = PBXFileReference; fileEncoding = 4; lastKnownFileType = sourcecode.c.h; path = SDMemoryCache.h; sourceTree = "<group>"; };
		23C7AAEF2442C13B00F3C411 /* UIImage+Metadata.m */ = {isa = PBXFileReference; fileEncoding = 4; lastKnownFileType = sourcecode.c.objc; path = "UIImage+Metadata.m"; sourceTree = "<group>"; };
		23C7AAF02442C13B00F3C411 /* UIImage+MultiFormat.h */ = {isa = PBXFileReference; fileEncoding = 4; lastKnownFileType = sourcecode.c.h; path = "UIImage+MultiFormat.h"; sourceTree = "<group>"; };
		23C7AAF12442C13B00F3C411 /* UIButton+WebCache.m */ = {isa = PBXFileReference; fileEncoding = 4; lastKnownFileType = sourcecode.c.objc; path = "UIButton+WebCache.m"; sourceTree = "<group>"; };
		23C7AAF22442C13B00F3C411 /* SDWebImageDownloaderRequestModifier.m */ = {isa = PBXFileReference; fileEncoding = 4; lastKnownFileType = sourcecode.c.objc; path = SDWebImageDownloaderRequestModifier.m; sourceTree = "<group>"; };
		23C7AAF32442C13B00F3C411 /* SDImageCodersManager.h */ = {isa = PBXFileReference; fileEncoding = 4; lastKnownFileType = sourcecode.c.h; path = SDImageCodersManager.h; sourceTree = "<group>"; };
		23C7AAF42442C13B00F3C411 /* UIImage+GIF.h */ = {isa = PBXFileReference; fileEncoding = 4; lastKnownFileType = sourcecode.c.h; path = "UIImage+GIF.h"; sourceTree = "<group>"; };
		23C7AAF62442C13B00F3C411 /* MKAnnotationView+WebCache.m */ = {isa = PBXFileReference; fileEncoding = 4; lastKnownFileType = sourcecode.c.objc; path = "MKAnnotationView+WebCache.m"; sourceTree = "<group>"; };
		23C7AAF72442C13B00F3C411 /* MKAnnotationView+WebCache.h */ = {isa = PBXFileReference; fileEncoding = 4; lastKnownFileType = sourcecode.c.h; path = "MKAnnotationView+WebCache.h"; sourceTree = "<group>"; };
		23C7AAF92442C13B00F3C411 /* SDDeviceHelper.h */ = {isa = PBXFileReference; fileEncoding = 4; lastKnownFileType = sourcecode.c.h; path = SDDeviceHelper.h; sourceTree = "<group>"; };
		23C7AAFA2442C13B00F3C411 /* SDWeakProxy.h */ = {isa = PBXFileReference; fileEncoding = 4; lastKnownFileType = sourcecode.c.h; path = SDWeakProxy.h; sourceTree = "<group>"; };
		23C7AAFB2442C13B00F3C411 /* SDImageCachesManagerOperation.m */ = {isa = PBXFileReference; fileEncoding = 4; lastKnownFileType = sourcecode.c.objc; path = SDImageCachesManagerOperation.m; sourceTree = "<group>"; };
		23C7AAFC2442C13B00F3C411 /* SDFileAttributeHelper.h */ = {isa = PBXFileReference; fileEncoding = 4; lastKnownFileType = sourcecode.c.h; path = SDFileAttributeHelper.h; sourceTree = "<group>"; };
		23C7AAFD2442C13B00F3C411 /* SDInternalMacros.h */ = {isa = PBXFileReference; fileEncoding = 4; lastKnownFileType = sourcecode.c.h; path = SDInternalMacros.h; sourceTree = "<group>"; };
		23C7AAFE2442C13B00F3C411 /* NSBezierPath+RoundedCorners.h */ = {isa = PBXFileReference; fileEncoding = 4; lastKnownFileType = sourcecode.c.h; path = "NSBezierPath+RoundedCorners.h"; sourceTree = "<group>"; };
		23C7AAFF2442C13B00F3C411 /* SDImageAssetManager.m */ = {isa = PBXFileReference; fileEncoding = 4; lastKnownFileType = sourcecode.c.objc; path = SDImageAssetManager.m; sourceTree = "<group>"; };
		23C7AB002442C13B00F3C411 /* SDAsyncBlockOperation.h */ = {isa = PBXFileReference; fileEncoding = 4; lastKnownFileType = sourcecode.c.h; path = SDAsyncBlockOperation.h; sourceTree = "<group>"; };
		23C7AB012442C13B00F3C411 /* SDDisplayLink.h */ = {isa = PBXFileReference; fileEncoding = 4; lastKnownFileType = sourcecode.c.h; path = SDDisplayLink.h; sourceTree = "<group>"; };
		23C7AB022442C13B00F3C411 /* UIColor+HexString.h */ = {isa = PBXFileReference; fileEncoding = 4; lastKnownFileType = sourcecode.c.h; path = "UIColor+HexString.h"; sourceTree = "<group>"; };
		23C7AB032442C13B00F3C411 /* SDAssociatedObject.h */ = {isa = PBXFileReference; fileEncoding = 4; lastKnownFileType = sourcecode.c.h; path = SDAssociatedObject.h; sourceTree = "<group>"; };
		23C7AB042442C13B00F3C411 /* SDmetamacros.h */ = {isa = PBXFileReference; fileEncoding = 4; lastKnownFileType = sourcecode.c.h; path = SDmetamacros.h; sourceTree = "<group>"; };
		23C7AB052442C13B00F3C411 /* SDImageHEICCoderInternal.h */ = {isa = PBXFileReference; fileEncoding = 4; lastKnownFileType = sourcecode.c.h; path = SDImageHEICCoderInternal.h; sourceTree = "<group>"; };
		23C7AB062442C13B00F3C411 /* SDImageIOAnimatedCoderInternal.h */ = {isa = PBXFileReference; fileEncoding = 4; lastKnownFileType = sourcecode.c.h; path = SDImageIOAnimatedCoderInternal.h; sourceTree = "<group>"; };
		23C7AB072442C13B00F3C411 /* SDDeviceHelper.m */ = {isa = PBXFileReference; fileEncoding = 4; lastKnownFileType = sourcecode.c.objc; path = SDDeviceHelper.m; sourceTree = "<group>"; };
		23C7AB082442C13B00F3C411 /* SDWeakProxy.m */ = {isa = PBXFileReference; fileEncoding = 4; lastKnownFileType = sourcecode.c.objc; path = SDWeakProxy.m; sourceTree = "<group>"; };
		23C7AB092442C13B00F3C411 /* SDInternalMacros.m */ = {isa = PBXFileReference; fileEncoding = 4; lastKnownFileType = sourcecode.c.objc; path = SDInternalMacros.m; sourceTree = "<group>"; };
		23C7AB0A2442C13B00F3C411 /* SDFileAttributeHelper.m */ = {isa = PBXFileReference; fileEncoding = 4; lastKnownFileType = sourcecode.c.objc; path = SDFileAttributeHelper.m; sourceTree = "<group>"; };
		23C7AB0B2442C13B00F3C411 /* SDImageCachesManagerOperation.h */ = {isa = PBXFileReference; fileEncoding = 4; lastKnownFileType = sourcecode.c.h; path = SDImageCachesManagerOperation.h; sourceTree = "<group>"; };
		23C7AB0C2442C13B00F3C411 /* SDDisplayLink.m */ = {isa = PBXFileReference; fileEncoding = 4; lastKnownFileType = sourcecode.c.objc; path = SDDisplayLink.m; sourceTree = "<group>"; };
		23C7AB0D2442C13B00F3C411 /* SDImageAssetManager.h */ = {isa = PBXFileReference; fileEncoding = 4; lastKnownFileType = sourcecode.c.h; path = SDImageAssetManager.h; sourceTree = "<group>"; };
		23C7AB0E2442C13B00F3C411 /* SDAsyncBlockOperation.m */ = {isa = PBXFileReference; fileEncoding = 4; lastKnownFileType = sourcecode.c.objc; path = SDAsyncBlockOperation.m; sourceTree = "<group>"; };
		23C7AB0F2442C13B00F3C411 /* NSBezierPath+RoundedCorners.m */ = {isa = PBXFileReference; fileEncoding = 4; lastKnownFileType = sourcecode.c.objc; path = "NSBezierPath+RoundedCorners.m"; sourceTree = "<group>"; };
		23C7AB102442C13B00F3C411 /* UIColor+HexString.m */ = {isa = PBXFileReference; fileEncoding = 4; lastKnownFileType = sourcecode.c.objc; path = "UIColor+HexString.m"; sourceTree = "<group>"; };
		23C7AB112442C13B00F3C411 /* SDAssociatedObject.m */ = {isa = PBXFileReference; fileEncoding = 4; lastKnownFileType = sourcecode.c.objc; path = SDAssociatedObject.m; sourceTree = "<group>"; };
		23C7AB562442E6F900F3C411 /* YSLiveViewController.h */ = {isa = PBXFileReference; lastKnownFileType = sourcecode.c.h; path = YSLiveViewController.h; sourceTree = "<group>"; };
		23C7AB572442E6F900F3C411 /* YSLiveViewController.m */ = {isa = PBXFileReference; lastKnownFileType = sourcecode.c.objc; path = YSLiveViewController.m; sourceTree = "<group>"; };
		23C7AB5D24430DE400F3C411 /* IJKMediaFramework.framework */ = {isa = PBXFileReference; lastKnownFileType = wrapper.framework; path = IJKMediaFramework.framework; sourceTree = "<group>"; };
		23C7AB622444087400F3C411 /* YSPlayerController.h */ = {isa = PBXFileReference; lastKnownFileType = sourcecode.c.h; path = YSPlayerController.h; sourceTree = "<group>"; };
		23C7AB632444087400F3C411 /* YSPlayerController.m */ = {isa = PBXFileReference; lastKnownFileType = sourcecode.c.objc; path = YSPlayerController.m; sourceTree = "<group>"; };
		23C7AB65244408B100F3C411 /* YSPlayerControl.h */ = {isa = PBXFileReference; lastKnownFileType = sourcecode.c.h; path = YSPlayerControl.h; sourceTree = "<group>"; };
		23C7AB66244408B100F3C411 /* YSPlayerControl.m */ = {isa = PBXFileReference; lastKnownFileType = sourcecode.c.objc; path = YSPlayerControl.m; sourceTree = "<group>"; };
		23C7AB68244408BE00F3C411 /* YSPlayerControl.xib */ = {isa = PBXFileReference; lastKnownFileType = file.xib; path = YSPlayerControl.xib; sourceTree = "<group>"; };
		23C7AB6B24440E9F00F3C411 /* YSPlayerView.h */ = {isa = PBXFileReference; lastKnownFileType = sourcecode.c.h; path = YSPlayerView.h; sourceTree = "<group>"; };
		23C7AB6C24440E9F00F3C411 /* YSPlayerView.m */ = {isa = PBXFileReference; lastKnownFileType = sourcecode.c.objc; path = YSPlayerView.m; sourceTree = "<group>"; };
		23C7ABC02444376400F3C411 /* YSPlayerControlDelegate.h */ = {isa = PBXFileReference; lastKnownFileType = sourcecode.c.h; path = YSPlayerControlDelegate.h; sourceTree = "<group>"; };
		23C7ABEB244455E000F3C411 /* MASCompositeConstraint.h */ = {isa = PBXFileReference; fileEncoding = 4; lastKnownFileType = sourcecode.c.h; path = MASCompositeConstraint.h; sourceTree = "<group>"; };
		23C7ABEC244455E000F3C411 /* NSLayoutConstraint+MASDebugAdditions.m */ = {isa = PBXFileReference; fileEncoding = 4; lastKnownFileType = sourcecode.c.objc; path = "NSLayoutConstraint+MASDebugAdditions.m"; sourceTree = "<group>"; };
		23C7ABED244455E000F3C411 /* MASConstraint+Private.h */ = {isa = PBXFileReference; fileEncoding = 4; lastKnownFileType = sourcecode.c.h; path = "MASConstraint+Private.h"; sourceTree = "<group>"; };
		23C7ABEE244455E000F3C411 /* MASLayoutConstraint.h */ = {isa = PBXFileReference; fileEncoding = 4; lastKnownFileType = sourcecode.c.h; path = MASLayoutConstraint.h; sourceTree = "<group>"; };
		23C7ABEF244455E000F3C411 /* NSArray+MASShorthandAdditions.h */ = {isa = PBXFileReference; fileEncoding = 4; lastKnownFileType = sourcecode.c.h; path = "NSArray+MASShorthandAdditions.h"; sourceTree = "<group>"; };
		23C7ABF0244455E000F3C411 /* MASConstraintMaker.h */ = {isa = PBXFileReference; fileEncoding = 4; lastKnownFileType = sourcecode.c.h; path = MASConstraintMaker.h; sourceTree = "<group>"; };
		23C7ABF1244455E000F3C411 /* View+MASAdditions.h */ = {isa = PBXFileReference; fileEncoding = 4; lastKnownFileType = sourcecode.c.h; path = "View+MASAdditions.h"; sourceTree = "<group>"; };
		23C7ABF2244455E000F3C411 /* NSArray+MASAdditions.h */ = {isa = PBXFileReference; fileEncoding = 4; lastKnownFileType = sourcecode.c.h; path = "NSArray+MASAdditions.h"; sourceTree = "<group>"; };
		23C7ABF3244455E000F3C411 /* MASUtilities.h */ = {isa = PBXFileReference; fileEncoding = 4; lastKnownFileType = sourcecode.c.h; path = MASUtilities.h; sourceTree = "<group>"; };
		23C7ABF4244455E000F3C411 /* MASViewAttribute.h */ = {isa = PBXFileReference; fileEncoding = 4; lastKnownFileType = sourcecode.c.h; path = MASViewAttribute.h; sourceTree = "<group>"; };
		23C7ABF5244455E000F3C411 /* ViewController+MASAdditions.m */ = {isa = PBXFileReference; fileEncoding = 4; lastKnownFileType = sourcecode.c.objc; path = "ViewController+MASAdditions.m"; sourceTree = "<group>"; };
		23C7ABF6244455E000F3C411 /* MASViewConstraint.h */ = {isa = PBXFileReference; fileEncoding = 4; lastKnownFileType = sourcecode.c.h; path = MASViewConstraint.h; sourceTree = "<group>"; };
		23C7ABF7244455E000F3C411 /* MASConstraint.h */ = {isa = PBXFileReference; fileEncoding = 4; lastKnownFileType = sourcecode.c.h; path = MASConstraint.h; sourceTree = "<group>"; };
		23C7ABF8244455E000F3C411 /* NSLayoutConstraint+MASDebugAdditions.h */ = {isa = PBXFileReference; fileEncoding = 4; lastKnownFileType = sourcecode.c.h; path = "NSLayoutConstraint+MASDebugAdditions.h"; sourceTree = "<group>"; };
		23C7ABF9244455E000F3C411 /* MASCompositeConstraint.m */ = {isa = PBXFileReference; fileEncoding = 4; lastKnownFileType = sourcecode.c.objc; path = MASCompositeConstraint.m; sourceTree = "<group>"; };
		23C7ABFA244455E000F3C411 /* MASConstraintMaker.m */ = {isa = PBXFileReference; fileEncoding = 4; lastKnownFileType = sourcecode.c.objc; path = MASConstraintMaker.m; sourceTree = "<group>"; };
		23C7ABFB244455E000F3C411 /* MASLayoutConstraint.m */ = {isa = PBXFileReference; fileEncoding = 4; lastKnownFileType = sourcecode.c.objc; path = MASLayoutConstraint.m; sourceTree = "<group>"; };
		23C7ABFC244455E000F3C411 /* NSArray+MASAdditions.m */ = {isa = PBXFileReference; fileEncoding = 4; lastKnownFileType = sourcecode.c.objc; path = "NSArray+MASAdditions.m"; sourceTree = "<group>"; };
		23C7ABFD244455E000F3C411 /* View+MASAdditions.m */ = {isa = PBXFileReference; fileEncoding = 4; lastKnownFileType = sourcecode.c.objc; path = "View+MASAdditions.m"; sourceTree = "<group>"; };
		23C7ABFE244455E000F3C411 /* View+MASShorthandAdditions.h */ = {isa = PBXFileReference; fileEncoding = 4; lastKnownFileType = sourcecode.c.h; path = "View+MASShorthandAdditions.h"; sourceTree = "<group>"; };
		23C7ABFF244455E000F3C411 /* Masonry.h */ = {isa = PBXFileReference; fileEncoding = 4; lastKnownFileType = sourcecode.c.h; path = Masonry.h; sourceTree = "<group>"; };
		23C7AC00244455E000F3C411 /* MASConstraint.m */ = {isa = PBXFileReference; fileEncoding = 4; lastKnownFileType = sourcecode.c.objc; path = MASConstraint.m; sourceTree = "<group>"; };
		23C7AC01244455E000F3C411 /* ViewController+MASAdditions.h */ = {isa = PBXFileReference; fileEncoding = 4; lastKnownFileType = sourcecode.c.h; path = "ViewController+MASAdditions.h"; sourceTree = "<group>"; };
		23C7AC02244455E000F3C411 /* MASViewConstraint.m */ = {isa = PBXFileReference; fileEncoding = 4; lastKnownFileType = sourcecode.c.objc; path = MASViewConstraint.m; sourceTree = "<group>"; };
		23C7AC03244455E000F3C411 /* MASViewAttribute.m */ = {isa = PBXFileReference; fileEncoding = 4; lastKnownFileType = sourcecode.c.objc; path = MASViewAttribute.m; sourceTree = "<group>"; };
		23C7AC1024445E1000F3C411 /* YSPlayerControlProtocol.h */ = {isa = PBXFileReference; lastKnownFileType = sourcecode.c.h; path = YSPlayerControlProtocol.h; sourceTree = "<group>"; };
/* End PBXFileReference section */

/* Begin PBXFrameworksBuildPhase section */
		232BF4B12441A67900017F10 /* Frameworks */ = {
			isa = PBXFrameworksBuildPhase;
			buildActionMask = 2147483647;
			files = (
				232BF50B2441B24000017F10 /* libc++.tbd in Frameworks */,
				232BF5062441A88F00017F10 /* VideoToolbox.framework in Frameworks */,
				232BF5042441A88400017F10 /* QuartzCore.framework in Frameworks */,
				232BF5022441A87B00017F10 /* OpenGLES.framework in Frameworks */,
				232BF5002441A87000017F10 /* MobileCoreServices.framework in Frameworks */,
				232BF4FE2441A86700017F10 /* MediaPlayer.framework in Frameworks */,
				232BF4FC2441A85E00017F10 /* libz.tbd in Frameworks */,
				232BF4FA2441A85200017F10 /* libbz2.tbd in Frameworks */,
				232BF4F82441A84700017F10 /* CoreVideo.framework in Frameworks */,
				232BF4F62441A83C00017F10 /* CoreMedia.framework in Frameworks */,
				232BF4F42441A83300017F10 /* CoreGraphics.framework in Frameworks */,
				232BF4F22441A82A00017F10 /* AVFoundation.framework in Frameworks */,
				232BF4F02441A82000017F10 /* AudioToolbox.framework in Frameworks */,
				23C7AB5E24430DE400F3C411 /* IJKMediaFramework.framework in Frameworks */,
			);
			runOnlyForDeploymentPostprocessing = 0;
		};
		232BF4CC2441A67A00017F10 /* Frameworks */ = {
			isa = PBXFrameworksBuildPhase;
			buildActionMask = 2147483647;
			files = (
			);
			runOnlyForDeploymentPostprocessing = 0;
		};
		232BF4D72441A67A00017F10 /* Frameworks */ = {
			isa = PBXFrameworksBuildPhase;
			buildActionMask = 2147483647;
			files = (
			);
			runOnlyForDeploymentPostprocessing = 0;
		};
/* End PBXFrameworksBuildPhase section */

/* Begin PBXGroup section */
		232BF4AB2441A67900017F10 = {
			isa = PBXGroup;
			children = (
				232BF4B62441A67900017F10 /* ijkplayerDemo */,
				232BF4D22441A67A00017F10 /* ijkplayerDemoTests */,
				232BF4DD2441A67A00017F10 /* ijkplayerDemoUITests */,
				232BF4B52441A67900017F10 /* Products */,
				232BF4EE2441A82000017F10 /* Frameworks */,
			);
			sourceTree = "<group>";
		};
		232BF4B52441A67900017F10 /* Products */ = {
			isa = PBXGroup;
			children = (
				232BF4B42441A67900017F10 /* ijkplayerDemo.app */,
				232BF4CF2441A67A00017F10 /* ijkplayerDemoTests.xctest */,
				232BF4DA2441A67A00017F10 /* ijkplayerDemoUITests.xctest */,
			);
			name = Products;
			sourceTree = "<group>";
		};
		232BF4B62441A67900017F10 /* ijkplayerDemo */ = {
			isa = PBXGroup;
			children = (
				23C7AB5D24430DE400F3C411 /* IJKMediaFramework.framework */,
				23C7ABEA244455E000F3C411 /* Masonry */,
				23C7AA822442C13B00F3C411 /* SDWebImage */,
				232BF50C2441BFAE00017F10 /* hubblecast.m4v */,
				232BF4B72441A67900017F10 /* AppDelegate.h */,
				232BF4B82441A67900017F10 /* AppDelegate.m */,
				232BF4BA2441A67900017F10 /* SceneDelegate.h */,
				232BF4BB2441A67900017F10 /* SceneDelegate.m */,
				232BF4BD2441A67900017F10 /* ViewController.h */,
				232BF4BE2441A67900017F10 /* ViewController.m */,
				23C7AC112444649E00F3C411 /* Video */,
				23C7AB6A24440E8100F3C411 /* Player */,
				23C7AB61244401A400F3C411 /* Live */,
				232BF4C02441A67900017F10 /* Main.storyboard */,
				232BF4C32441A67900017F10 /* Assets.xcassets */,
				232BF4C52441A67900017F10 /* LaunchScreen.storyboard */,
				232BF4C82441A67900017F10 /* Info.plist */,
				232BF4C92441A67900017F10 /* main.m */,
			);
			path = ijkplayerDemo;
			sourceTree = "<group>";
		};
		232BF4D22441A67A00017F10 /* ijkplayerDemoTests */ = {
			isa = PBXGroup;
			children = (
				232BF4D32441A67A00017F10 /* ijkplayerDemoTests.m */,
				232BF4D52441A67A00017F10 /* Info.plist */,
			);
			path = ijkplayerDemoTests;
			sourceTree = "<group>";
		};
		232BF4DD2441A67A00017F10 /* ijkplayerDemoUITests */ = {
			isa = PBXGroup;
			children = (
				232BF4DE2441A67A00017F10 /* ijkplayerDemoUITests.m */,
				232BF4E02441A67A00017F10 /* Info.plist */,
			);
			path = ijkplayerDemoUITests;
			sourceTree = "<group>";
		};
		232BF4EE2441A82000017F10 /* Frameworks */ = {
			isa = PBXGroup;
			children = (
				232BF5162441F37D00017F10 /* libiconv.tbd */,
				232BF50A2441B24000017F10 /* libc++.tbd */,
				232BF5052441A88F00017F10 /* VideoToolbox.framework */,
				232BF5032441A88400017F10 /* QuartzCore.framework */,
				232BF5012441A87B00017F10 /* OpenGLES.framework */,
				232BF4FF2441A87000017F10 /* MobileCoreServices.framework */,
				232BF4FD2441A86700017F10 /* MediaPlayer.framework */,
				232BF4FB2441A85E00017F10 /* libz.tbd */,
				232BF4F92441A85100017F10 /* libbz2.tbd */,
				232BF4F72441A84700017F10 /* CoreVideo.framework */,
				232BF4F52441A83C00017F10 /* CoreMedia.framework */,
				232BF4F32441A83300017F10 /* CoreGraphics.framework */,
				232BF4F12441A82A00017F10 /* AVFoundation.framework */,
				232BF4EF2441A82000017F10 /* AudioToolbox.framework */,
			);
			name = Frameworks;
			sourceTree = "<group>";
		};
		23C7AA822442C13B00F3C411 /* SDWebImage */ = {
			isa = PBXGroup;
			children = (
				23C7AA832442C13B00F3C411 /* Core */,
				23C7AAF52442C13B00F3C411 /* MapKit */,
				23C7AAF82442C13B00F3C411 /* Private */,
			);
			path = SDWebImage;
			sourceTree = "<group>";
		};
		23C7AA832442C13B00F3C411 /* Core */ = {
			isa = PBXGroup;
			children = (
				23C7AA842442C13B00F3C411 /* UIImage+ExtendedCacheData.h */,
				23C7AA852442C13B00F3C411 /* SDImageHEICCoder.m */,
				23C7AA862442C13B00F3C411 /* SDAnimatedImageRep.h */,
				23C7AA872442C13B00F3C411 /* NSImage+Compatibility.m */,
				23C7AA882442C13B00F3C411 /* SDDiskCache.h */,
				23C7AA892442C13B00F3C411 /* SDAnimatedImageView+WebCache.m */,
				23C7AA8A2442C13B00F3C411 /* SDImageIOCoder.h */,
				23C7AA8B2442C13B00F3C411 /* SDImageCoder.m */,
				23C7AA8C2442C13B00F3C411 /* NSButton+WebCache.h */,
				23C7AA8D2442C13B00F3C411 /* SDImageGraphics.h */,
				23C7AA8E2442C13B00F3C411 /* UIImageView+WebCache.h */,
				23C7AA8F2442C13B00F3C411 /* NSData+ImageContentType.h */,
				23C7AA902442C13B00F3C411 /* SDWebImageDownloaderDecryptor.m */,
				23C7AA912442C13B00F3C411 /* SDImageTransformer.h */,
				23C7AA922442C13B00F3C411 /* SDImageCachesManager.h */,
				23C7AA932442C13B00F3C411 /* SDWebImageTransition.h */,
				23C7AA942442C13B00F3C411 /* SDWebImageManager.m */,
				23C7AA952442C13B00F3C411 /* SDImageLoadersManager.h */,
				23C7AA962442C13B00F3C411 /* SDImageIOAnimatedCoder.m */,
				23C7AA972442C13B00F3C411 /* SDWebImageDownloaderOperation.h */,
				23C7AA982442C13B00F3C411 /* UIImageView+HighlightedWebCache.m */,
				23C7AA992442C13B00F3C411 /* SDImageFrame.h */,
				23C7AA9A2442C13B00F3C411 /* SDImageGIFCoder.h */,
				23C7AA9B2442C13B00F3C411 /* SDImageCache.h */,
				23C7AA9C2442C13B00F3C411 /* SDWebImageDownloaderConfig.h */,
				23C7AA9D2442C13B00F3C411 /* SDAnimatedImage.m */,
				23C7AA9E2442C13B00F3C411 /* SDAnimatedImageView.m */,
				23C7AA9F2442C13B00F3C411 /* UIImage+ForceDecode.m */,
				23C7AAA02442C13B00F3C411 /* SDImageCacheConfig.h */,
				23C7AAA12442C13B00F3C411 /* SDWebImageCacheKeyFilter.h */,
				23C7AAA22442C13B00F3C411 /* SDAnimatedImagePlayer.m */,
				23C7AAA32442C13B00F3C411 /* UIImage+Transform.m */,
				23C7AAA42442C13B00F3C411 /* UIImage+MemoryCacheCost.h */,
				23C7AAA52442C13B00F3C411 /* SDWebImageDownloader.m */,
				23C7AAA62442C13B00F3C411 /* SDImageCacheDefine.h */,
				23C7AAA72442C13B00F3C411 /* SDImageLoader.m */,
				23C7AAA82442C13B00F3C411 /* SDWebImageCacheSerializer.m */,
				23C7AAA92442C13B00F3C411 /* SDWebImageIndicator.m */,
				23C7AAAA2442C13B00F3C411 /* SDGraphicsImageRenderer.m */,
				23C7AAAB2442C13B00F3C411 /* UIImage+GIF.m */,
				23C7AAAC2442C13B00F3C411 /* SDImageCodersManager.m */,
				23C7AAAD2442C13B00F3C411 /* UIButton+WebCache.h */,
				23C7AAAE2442C13B00F3C411 /* SDWebImageDownloaderRequestModifier.h */,
				23C7AAAF2442C13B00F3C411 /* UIImage+MultiFormat.m */,
				23C7AAB02442C13B00F3C411 /* SDMemoryCache.m */,
				23C7AAB12442C13B00F3C411 /* UIImage+Metadata.h */,
				23C7AAB22442C13B00F3C411 /* SDWebImageCompat.m */,
				23C7AAB32442C13B00F3C411 /* SDImageAPNGCoder.m */,
				23C7AAB42442C13B00F3C411 /* SDWebImageDownloaderResponseModifier.m */,
				23C7AAB52442C13B00F3C411 /* SDWebImageError.m */,
				23C7AAB62442C13B00F3C411 /* SDWebImagePrefetcher.m */,
				23C7AAB72442C13B00F3C411 /* SDImageCoderHelper.m */,
				23C7AAB82442C13B00F3C411 /* SDWebImageOptionsProcessor.h */,
				23C7AAB92442C13B00F3C411 /* UIView+WebCache.h */,
				23C7AABA2442C13B00F3C411 /* UIView+WebCacheOperation.h */,
				23C7AABB2442C13B00F3C411 /* SDWebImageDefine.h */,
				23C7AABC2442C13B00F3C411 /* NSButton+WebCache.m */,
				23C7AABD2442C13B00F3C411 /* SDImageCoder.h */,
				23C7AABE2442C13B00F3C411 /* SDImageIOCoder.m */,
				23C7AABF2442C13B00F3C411 /* SDAnimatedImageView+WebCache.h */,
				23C7AAC02442C13B00F3C411 /* SDDiskCache.m */,
				23C7AAC12442C13B00F3C411 /* NSImage+Compatibility.h */,
				23C7AAC22442C13B00F3C411 /* SDAnimatedImageRep.m */,
				23C7AAC32442C13B00F3C411 /* SDImageHEICCoder.h */,
				23C7AAC42442C13B00F3C411 /* UIImage+ExtendedCacheData.m */,
				23C7AAC52442C13B00F3C411 /* SDAnimatedImageView.h */,
				23C7AAC62442C13B00F3C411 /* SDWebImageDownloaderConfig.m */,
				23C7AAC72442C13B00F3C411 /* SDAnimatedImage.h */,
				23C7AAC82442C13B00F3C411 /* SDImageCache.m */,
				23C7AAC92442C13B00F3C411 /* SDImageGIFCoder.m */,
				23C7AACA2442C13B00F3C411 /* UIImageView+HighlightedWebCache.h */,
				23C7AACB2442C13B00F3C411 /* SDImageFrame.m */,
				23C7AACC2442C13B00F3C411 /* SDWebImageDownloaderOperation.m */,
				23C7AACD2442C13B00F3C411 /* SDImageIOAnimatedCoder.h */,
				23C7AACE2442C13B00F3C411 /* SDImageLoadersManager.m */,
				23C7AACF2442C13B00F3C411 /* SDImageCachesManager.m */,
				23C7AAD02442C13B00F3C411 /* SDWebImageTransition.m */,
				23C7AAD12442C13B00F3C411 /* SDWebImageManager.h */,
				23C7AAD22442C13B00F3C411 /* SDImageTransformer.m */,
				23C7AAD32442C13B00F3C411 /* NSData+ImageContentType.m */,
				23C7AAD42442C13B00F3C411 /* UIImageView+WebCache.m */,
				23C7AAD52442C13B00F3C411 /* SDWebImageDownloaderDecryptor.h */,
				23C7AAD62442C13B00F3C411 /* SDWebImageOperation.h */,
				23C7AAD72442C13B00F3C411 /* SDImageGraphics.m */,
				23C7AAD82442C13B00F3C411 /* SDGraphicsImageRenderer.h */,
				23C7AAD92442C13B00F3C411 /* SDWebImageIndicator.h */,
				23C7AADA2442C13B00F3C411 /* SDWebImageCacheSerializer.h */,
				23C7AADB2442C13B00F3C411 /* SDImageLoader.h */,
				23C7AADC2442C13B00F3C411 /* SDImageCacheDefine.m */,
				23C7AADD2442C13B00F3C411 /* SDWebImageDownloader.h */,
				23C7AADE2442C13B00F3C411 /* UIImage+MemoryCacheCost.m */,
				23C7AADF2442C13B00F3C411 /* UIImage+Transform.h */,
				23C7AAE02442C13B00F3C411 /* SDAnimatedImagePlayer.h */,
				23C7AAE12442C13B00F3C411 /* SDImageCacheConfig.m */,
				23C7AAE22442C13B00F3C411 /* SDWebImageCacheKeyFilter.m */,
				23C7AAE32442C13B00F3C411 /* UIImage+ForceDecode.h */,
				23C7AAE42442C13B00F3C411 /* SDWebImageDefine.m */,
				23C7AAE52442C13B00F3C411 /* SDImageCoderHelper.h */,
				23C7AAE62442C13B00F3C411 /* SDWebImageOptionsProcessor.m */,
				23C7AAE72442C13B00F3C411 /* UIView+WebCacheOperation.m */,
				23C7AAE82442C13B00F3C411 /* UIView+WebCache.m */,
				23C7AAE92442C13B00F3C411 /* SDWebImagePrefetcher.h */,
				23C7AAEA2442C13B00F3C411 /* SDWebImageDownloaderResponseModifier.h */,
				23C7AAEB2442C13B00F3C411 /* SDImageAPNGCoder.h */,
				23C7AAEC2442C13B00F3C411 /* SDWebImageError.h */,
				23C7AAED2442C13B00F3C411 /* SDWebImageCompat.h */,
				23C7AAEE2442C13B00F3C411 /* SDMemoryCache.h */,
				23C7AAEF2442C13B00F3C411 /* UIImage+Metadata.m */,
				23C7AAF02442C13B00F3C411 /* UIImage+MultiFormat.h */,
				23C7AAF12442C13B00F3C411 /* UIButton+WebCache.m */,
				23C7AAF22442C13B00F3C411 /* SDWebImageDownloaderRequestModifier.m */,
				23C7AAF32442C13B00F3C411 /* SDImageCodersManager.h */,
				23C7AAF42442C13B00F3C411 /* UIImage+GIF.h */,
			);
			path = Core;
			sourceTree = "<group>";
		};
		23C7AAF52442C13B00F3C411 /* MapKit */ = {
			isa = PBXGroup;
			children = (
				23C7AAF62442C13B00F3C411 /* MKAnnotationView+WebCache.m */,
				23C7AAF72442C13B00F3C411 /* MKAnnotationView+WebCache.h */,
			);
			path = MapKit;
			sourceTree = "<group>";
		};
		23C7AAF82442C13B00F3C411 /* Private */ = {
			isa = PBXGroup;
			children = (
				23C7AAF92442C13B00F3C411 /* SDDeviceHelper.h */,
				23C7AAFA2442C13B00F3C411 /* SDWeakProxy.h */,
				23C7AAFB2442C13B00F3C411 /* SDImageCachesManagerOperation.m */,
				23C7AAFC2442C13B00F3C411 /* SDFileAttributeHelper.h */,
				23C7AAFD2442C13B00F3C411 /* SDInternalMacros.h */,
				23C7AAFE2442C13B00F3C411 /* NSBezierPath+RoundedCorners.h */,
				23C7AAFF2442C13B00F3C411 /* SDImageAssetManager.m */,
				23C7AB002442C13B00F3C411 /* SDAsyncBlockOperation.h */,
				23C7AB012442C13B00F3C411 /* SDDisplayLink.h */,
				23C7AB022442C13B00F3C411 /* UIColor+HexString.h */,
				23C7AB032442C13B00F3C411 /* SDAssociatedObject.h */,
				23C7AB042442C13B00F3C411 /* SDmetamacros.h */,
				23C7AB052442C13B00F3C411 /* SDImageHEICCoderInternal.h */,
				23C7AB062442C13B00F3C411 /* SDImageIOAnimatedCoderInternal.h */,
				23C7AB072442C13B00F3C411 /* SDDeviceHelper.m */,
				23C7AB082442C13B00F3C411 /* SDWeakProxy.m */,
				23C7AB092442C13B00F3C411 /* SDInternalMacros.m */,
				23C7AB0A2442C13B00F3C411 /* SDFileAttributeHelper.m */,
				23C7AB0B2442C13B00F3C411 /* SDImageCachesManagerOperation.h */,
				23C7AB0C2442C13B00F3C411 /* SDDisplayLink.m */,
				23C7AB0D2442C13B00F3C411 /* SDImageAssetManager.h */,
				23C7AB0E2442C13B00F3C411 /* SDAsyncBlockOperation.m */,
				23C7AB0F2442C13B00F3C411 /* NSBezierPath+RoundedCorners.m */,
				23C7AB102442C13B00F3C411 /* UIColor+HexString.m */,
				23C7AB112442C13B00F3C411 /* SDAssociatedObject.m */,
			);
			path = Private;
			sourceTree = "<group>";
		};
		23C7AB61244401A400F3C411 /* Live */ = {
			isa = PBXGroup;
			children = (
				23C7AA7C2442BA3E00F3C411 /* YSLiveListViewController.h */,
				23C7AA7D2442BA3E00F3C411 /* YSLiveListViewController.m */,
				23C7AA7F2442BE5200F3C411 /* YSLiveListCell.h */,
				23C7AA802442BE5200F3C411 /* YSLiveListCell.m */,
				23C7AB562442E6F900F3C411 /* YSLiveViewController.h */,
				23C7AB572442E6F900F3C411 /* YSLiveViewController.m */,
			);
			path = Live;
			sourceTree = "<group>";
		};
		23C7AB6A24440E8100F3C411 /* Player */ = {
			isa = PBXGroup;
			children = (
				23C7AB622444087400F3C411 /* YSPlayerController.h */,
				23C7AB632444087400F3C411 /* YSPlayerController.m */,
				23C7AB6B24440E9F00F3C411 /* YSPlayerView.h */,
				23C7AB6C24440E9F00F3C411 /* YSPlayerView.m */,
				23C7ABC02444376400F3C411 /* YSPlayerControlDelegate.h */,
				23C7AC1024445E1000F3C411 /* YSPlayerControlProtocol.h */,
				23C7AB65244408B100F3C411 /* YSPlayerControl.h */,
				23C7AB66244408B100F3C411 /* YSPlayerControl.m */,
				23C7AB68244408BE00F3C411 /* YSPlayerControl.xib */,
			);
			path = Player;
			sourceTree = "<group>";
		};
		23C7ABEA244455E000F3C411 /* Masonry */ = {
			isa = PBXGroup;
			children = (
				23C7ABEB244455E000F3C411 /* MASCompositeConstraint.h */,
				23C7ABEC244455E000F3C411 /* NSLayoutConstraint+MASDebugAdditions.m */,
				23C7ABED244455E000F3C411 /* MASConstraint+Private.h */,
				23C7ABEE244455E000F3C411 /* MASLayoutConstraint.h */,
				23C7ABEF244455E000F3C411 /* NSArray+MASShorthandAdditions.h */,
				23C7ABF0244455E000F3C411 /* MASConstraintMaker.h */,
				23C7ABF1244455E000F3C411 /* View+MASAdditions.h */,
				23C7ABF2244455E000F3C411 /* NSArray+MASAdditions.h */,
				23C7ABF3244455E000F3C411 /* MASUtilities.h */,
				23C7ABF4244455E000F3C411 /* MASViewAttribute.h */,
				23C7ABF5244455E000F3C411 /* ViewController+MASAdditions.m */,
				23C7ABF6244455E000F3C411 /* MASViewConstraint.h */,
				23C7ABF7244455E000F3C411 /* MASConstraint.h */,
				23C7ABF8244455E000F3C411 /* NSLayoutConstraint+MASDebugAdditions.h */,
				23C7ABF9244455E000F3C411 /* MASCompositeConstraint.m */,
				23C7ABFA244455E000F3C411 /* MASConstraintMaker.m */,
				23C7ABFB244455E000F3C411 /* MASLayoutConstraint.m */,
				23C7ABFC244455E000F3C411 /* NSArray+MASAdditions.m */,
				23C7ABFD244455E000F3C411 /* View+MASAdditions.m */,
				23C7ABFE244455E000F3C411 /* View+MASShorthandAdditions.h */,
				23C7ABFF244455E000F3C411 /* Masonry.h */,
				23C7AC00244455E000F3C411 /* MASConstraint.m */,
				23C7AC01244455E000F3C411 /* ViewController+MASAdditions.h */,
				23C7AC02244455E000F3C411 /* MASViewConstraint.m */,
				23C7AC03244455E000F3C411 /* MASViewAttribute.m */,
			);
			path = Masonry;
			sourceTree = "<group>";
		};
		23C7AC112444649E00F3C411 /* Video */ = {
			isa = PBXGroup;
			children = (
				232BF5072441AD1700017F10 /* YSAVViewController.h */,
				232BF5082441AD1700017F10 /* YSAVViewController.m */,
			);
			path = Video;
			sourceTree = "<group>";
		};
/* End PBXGroup section */

/* Begin PBXNativeTarget section */
		232BF4B32441A67900017F10 /* ijkplayerDemo */ = {
			isa = PBXNativeTarget;
			buildConfigurationList = 232BF4E32441A67A00017F10 /* Build configuration list for PBXNativeTarget "ijkplayerDemo" */;
			buildPhases = (
				232BF4B02441A67900017F10 /* Sources */,
				232BF4B12441A67900017F10 /* Frameworks */,
				232BF4B22441A67900017F10 /* Resources */,
			);
			buildRules = (
			);
			dependencies = (
			);
			name = ijkplayerDemo;
			productName = ijkplayerDemo;
			productReference = 232BF4B42441A67900017F10 /* ijkplayerDemo.app */;
			productType = "com.apple.product-type.application";
		};
		232BF4CE2441A67A00017F10 /* ijkplayerDemoTests */ = {
			isa = PBXNativeTarget;
			buildConfigurationList = 232BF4E62441A67A00017F10 /* Build configuration list for PBXNativeTarget "ijkplayerDemoTests" */;
			buildPhases = (
				232BF4CB2441A67A00017F10 /* Sources */,
				232BF4CC2441A67A00017F10 /* Frameworks */,
				232BF4CD2441A67A00017F10 /* Resources */,
			);
			buildRules = (
			);
			dependencies = (
				232BF4D12441A67A00017F10 /* PBXTargetDependency */,
			);
			name = ijkplayerDemoTests;
			productName = ijkplayerDemoTests;
			productReference = 232BF4CF2441A67A00017F10 /* ijkplayerDemoTests.xctest */;
			productType = "com.apple.product-type.bundle.unit-test";
		};
		232BF4D92441A67A00017F10 /* ijkplayerDemoUITests */ = {
			isa = PBXNativeTarget;
			buildConfigurationList = 232BF4E92441A67A00017F10 /* Build configuration list for PBXNativeTarget "ijkplayerDemoUITests" */;
			buildPhases = (
				232BF4D62441A67A00017F10 /* Sources */,
				232BF4D72441A67A00017F10 /* Frameworks */,
				232BF4D82441A67A00017F10 /* Resources */,
			);
			buildRules = (
			);
			dependencies = (
				232BF4DC2441A67A00017F10 /* PBXTargetDependency */,
			);
			name = ijkplayerDemoUITests;
			productName = ijkplayerDemoUITests;
			productReference = 232BF4DA2441A67A00017F10 /* ijkplayerDemoUITests.xctest */;
			productType = "com.apple.product-type.bundle.ui-testing";
		};
/* End PBXNativeTarget section */

/* Begin PBXProject section */
		232BF4AC2441A67900017F10 /* Project object */ = {
			isa = PBXProject;
			attributes = {
				LastUpgradeCheck = 1130;
				ORGANIZATIONNAME = "张延深";
				TargetAttributes = {
					232BF4B32441A67900017F10 = {
						CreatedOnToolsVersion = 11.3.1;
					};
					232BF4CE2441A67A00017F10 = {
						CreatedOnToolsVersion = 11.3.1;
						TestTargetID = 232BF4B32441A67900017F10;
					};
					232BF4D92441A67A00017F10 = {
						CreatedOnToolsVersion = 11.3.1;
						TestTargetID = 232BF4B32441A67900017F10;
					};
				};
			};
			buildConfigurationList = 232BF4AF2441A67900017F10 /* Build configuration list for PBXProject "ijkplayerDemo" */;
			compatibilityVersion = "Xcode 9.3";
			developmentRegion = en;
			hasScannedForEncodings = 0;
			knownRegions = (
				en,
				Base,
			);
			mainGroup = 232BF4AB2441A67900017F10;
			productRefGroup = 232BF4B52441A67900017F10 /* Products */;
			projectDirPath = "";
			projectRoot = "";
			targets = (
				232BF4B32441A67900017F10 /* ijkplayerDemo */,
				232BF4CE2441A67A00017F10 /* ijkplayerDemoTests */,
				232BF4D92441A67A00017F10 /* ijkplayerDemoUITests */,
			);
		};
/* End PBXProject section */

/* Begin PBXResourcesBuildPhase section */
		232BF4B22441A67900017F10 /* Resources */ = {
			isa = PBXResourcesBuildPhase;
			buildActionMask = 2147483647;
			files = (
				232BF50D2441BFAE00017F10 /* hubblecast.m4v in Resources */,
				232BF4C72441A67900017F10 /* LaunchScreen.storyboard in Resources */,
				232BF4C42441A67900017F10 /* Assets.xcassets in Resources */,
				232BF4C22441A67900017F10 /* Main.storyboard in Resources */,
				23C7AB69244408BE00F3C411 /* YSPlayerControl.xib in Resources */,
			);
			runOnlyForDeploymentPostprocessing = 0;
		};
		232BF4CD2441A67A00017F10 /* Resources */ = {
			isa = PBXResourcesBuildPhase;
			buildActionMask = 2147483647;
			files = (
			);
			runOnlyForDeploymentPostprocessing = 0;
		};
		232BF4D82441A67A00017F10 /* Resources */ = {
			isa = PBXResourcesBuildPhase;
			buildActionMask = 2147483647;
			files = (
			);
			runOnlyForDeploymentPostprocessing = 0;
		};
/* End PBXResourcesBuildPhase section */

/* Begin PBXSourcesBuildPhase section */
		232BF4B02441A67900017F10 /* Sources */ = {
			isa = PBXSourcesBuildPhase;
			buildActionMask = 2147483647;
			files = (
				23C7AB412442C13B00F3C411 /* SDImageCacheConfig.m in Sources */,
				23C7AB302442C13B00F3C411 /* SDDiskCache.m in Sources */,
				23C7AB3F2442C13B00F3C411 /* SDImageCacheDefine.m in Sources */,
				23C7AB242442C13B00F3C411 /* UIImage+GIF.m in Sources */,
				23C7AB142442C13B00F3C411 /* SDAnimatedImageView+WebCache.m in Sources */,
				23C7AB1C2442C13B00F3C411 /* UIImage+ForceDecode.m in Sources */,
				23C7AB3A2442C13B00F3C411 /* SDWebImageTransition.m in Sources */,
				23C7AB1E2442C13B00F3C411 /* UIImage+Transform.m in Sources */,
				23C7AB552442C13B00F3C411 /* SDAssociatedObject.m in Sources */,
				23C7AB472442C13B00F3C411 /* UIImage+Metadata.m in Sources */,
				232BF4BF2441A67900017F10 /* ViewController.m in Sources */,
				23C7AB372442C13B00F3C411 /* SDWebImageDownloaderOperation.m in Sources */,
				23C7AC0A244455E000F3C411 /* NSArray+MASAdditions.m in Sources */,
				23C7AB67244408B100F3C411 /* YSPlayerControl.m in Sources */,
				23C7AB502442C13B00F3C411 /* SDFileAttributeHelper.m in Sources */,
				23C7AB2D2442C13B00F3C411 /* SDImageCoderHelper.m in Sources */,
				23C7AB212442C13B00F3C411 /* SDWebImageCacheSerializer.m in Sources */,
				23C7AB2A2442C13B00F3C411 /* SDWebImageDownloaderResponseModifier.m in Sources */,
				23C7AB402442C13B00F3C411 /* UIImage+MemoryCacheCost.m in Sources */,
				23C7AB542442C13B00F3C411 /* UIColor+HexString.m in Sources */,
				23C7AB4F2442C13B00F3C411 /* SDInternalMacros.m in Sources */,
				23C7AB322442C13B00F3C411 /* UIImage+ExtendedCacheData.m in Sources */,
				23C7AC0E244455E000F3C411 /* MASViewAttribute.m in Sources */,
				23C7AB2C2442C13B00F3C411 /* SDWebImagePrefetcher.m in Sources */,
				23C7AC0D244455E000F3C411 /* MASViewConstraint.m in Sources */,
				232BF5092441AD1700017F10 /* YSAVViewController.m in Sources */,
				23C7AC05244455E000F3C411 /* NSLayoutConstraint+MASDebugAdditions.m in Sources */,
				23C7AB282442C13B00F3C411 /* SDWebImageCompat.m in Sources */,
				23C7AB342442C13B00F3C411 /* SDImageCache.m in Sources */,
				23C7AB192442C13B00F3C411 /* UIImageView+HighlightedWebCache.m in Sources */,
				23C7AA812442BE5200F3C411 /* YSLiveListCell.m in Sources */,
				23C7AB202442C13B00F3C411 /* SDImageLoader.m in Sources */,
				232BF4B92441A67900017F10 /* AppDelegate.m in Sources */,
				23C7AB3C2442C13B00F3C411 /* NSData+ImageContentType.m in Sources */,
				23C7AB522442C13B00F3C411 /* SDAsyncBlockOperation.m in Sources */,
				23C7AB172442C13B00F3C411 /* SDWebImageManager.m in Sources */,
				23C7AB232442C13B00F3C411 /* SDGraphicsImageRenderer.m in Sources */,
				23C7AB462442C13B00F3C411 /* UIView+WebCache.m in Sources */,
				23C7AB1B2442C13B00F3C411 /* SDAnimatedImageView.m in Sources */,
				23C7AB6D24440E9F00F3C411 /* YSPlayerView.m in Sources */,
				23C7AB352442C13B00F3C411 /* SDImageGIFCoder.m in Sources */,
				23C7AB362442C13B00F3C411 /* SDImageFrame.m in Sources */,
				23C7AB272442C13B00F3C411 /* SDMemoryCache.m in Sources */,
				23C7AB162442C13B00F3C411 /* SDWebImageDownloaderDecryptor.m in Sources */,
				23C7AB4C2442C13B00F3C411 /* SDImageAssetManager.m in Sources */,
				23C7AB4A2442C13B00F3C411 /* MKAnnotationView+WebCache.m in Sources */,
				23C7AB182442C13B00F3C411 /* SDImageIOAnimatedCoder.m in Sources */,
				23C7AC07244455E000F3C411 /* MASCompositeConstraint.m in Sources */,
				23C7AB382442C13B00F3C411 /* SDImageLoadersManager.m in Sources */,
				23C7AB312442C13B00F3C411 /* SDAnimatedImageRep.m in Sources */,
				23C7AB3E2442C13B00F3C411 /* SDImageGraphics.m in Sources */,
				23C7AB582442E6F900F3C411 /* YSLiveViewController.m in Sources */,
				23C7AB2F2442C13B00F3C411 /* SDImageIOCoder.m in Sources */,
				23C7AB332442C13B00F3C411 /* SDWebImageDownloaderConfig.m in Sources */,
				23C7AB1A2442C13B00F3C411 /* SDAnimatedImage.m in Sources */,
				23C7AC09244455E000F3C411 /* MASLayoutConstraint.m in Sources */,
				232BF4CA2441A67900017F10 /* main.m in Sources */,
				23C7AB252442C13B00F3C411 /* SDImageCodersManager.m in Sources */,
				23C7AC0B244455E000F3C411 /* View+MASAdditions.m in Sources */,
				23C7AC08244455E000F3C411 /* MASConstraintMaker.m in Sources */,
				23C7AB512442C13B00F3C411 /* SDDisplayLink.m in Sources */,
				23C7AB432442C13B00F3C411 /* SDWebImageDefine.m in Sources */,
				23C7AB482442C13B00F3C411 /* UIButton+WebCache.m in Sources */,
				23C7AB422442C13B00F3C411 /* SDWebImageCacheKeyFilter.m in Sources */,
				23C7AB132442C13B00F3C411 /* NSImage+Compatibility.m in Sources */,
				23C7AB152442C13B00F3C411 /* SDImageCoder.m in Sources */,
				23C7AB3D2442C13B00F3C411 /* UIImageView+WebCache.m in Sources */,
				23C7AB2B2442C13B00F3C411 /* SDWebImageError.m in Sources */,
				23C7AB122442C13B00F3C411 /* SDImageHEICCoder.m in Sources */,
				23C7AB4D2442C13B00F3C411 /* SDDeviceHelper.m in Sources */,
				23C7AB4E2442C13B00F3C411 /* SDWeakProxy.m in Sources */,
				23C7AB4B2442C13B00F3C411 /* SDImageCachesManagerOperation.m in Sources */,
				23C7AB2E2442C13B00F3C411 /* NSButton+WebCache.m in Sources */,
				23C7AB452442C13B00F3C411 /* UIView+WebCacheOperation.m in Sources */,
				23C7AB492442C13B00F3C411 /* SDWebImageDownloaderRequestModifier.m in Sources */,
				23C7AA7E2442BA3E00F3C411 /* YSLiveListViewController.m in Sources */,
				232BF4BC2441A67900017F10 /* SceneDelegate.m in Sources */,
				23C7AB262442C13B00F3C411 /* UIImage+MultiFormat.m in Sources */,
				23C7AB222442C13B00F3C411 /* SDWebImageIndicator.m in Sources */,
				23C7AB392442C13B00F3C411 /* SDImageCachesManager.m in Sources */,
				23C7AB1F2442C13B00F3C411 /* SDWebImageDownloader.m in Sources */,
				23C7AB1D2442C13B00F3C411 /* SDAnimatedImagePlayer.m in Sources */,
				23C7AC0C244455E000F3C411 /* MASConstraint.m in Sources */,
				23C7AB532442C13B00F3C411 /* NSBezierPath+RoundedCorners.m in Sources */,
				23C7AB3B2442C13B00F3C411 /* SDImageTransformer.m in Sources */,
				23C7AC06244455E000F3C411 /* ViewController+MASAdditions.m in Sources */,
				23C7AB292442C13B00F3C411 /* SDImageAPNGCoder.m in Sources */,
				23C7AB642444087400F3C411 /* YSPlayerController.m in Sources */,
				23C7AB442442C13B00F3C411 /* SDWebImageOptionsProcessor.m in Sources */,
			);
			runOnlyForDeploymentPostprocessing = 0;
		};
		232BF4CB2441A67A00017F10 /* Sources */ = {
			isa = PBXSourcesBuildPhase;
			buildActionMask = 2147483647;
			files = (
				232BF4D42441A67A00017F10 /* ijkplayerDemoTests.m in Sources */,
			);
			runOnlyForDeploymentPostprocessing = 0;
		};
		232BF4D62441A67A00017F10 /* Sources */ = {
			isa = PBXSourcesBuildPhase;
			buildActionMask = 2147483647;
			files = (
				232BF4DF2441A67A00017F10 /* ijkplayerDemoUITests.m in Sources */,
			);
			runOnlyForDeploymentPostprocessing = 0;
		};
/* End PBXSourcesBuildPhase section */

/* Begin PBXTargetDependency section */
		232BF4D12441A67A00017F10 /* PBXTargetDependency */ = {
			isa = PBXTargetDependency;
			target = 232BF4B32441A67900017F10 /* ijkplayerDemo */;
			targetProxy = 232BF4D02441A67A00017F10 /* PBXContainerItemProxy */;
		};
		232BF4DC2441A67A00017F10 /* PBXTargetDependency */ = {
			isa = PBXTargetDependency;
			target = 232BF4B32441A67900017F10 /* ijkplayerDemo */;
			targetProxy = 232BF4DB2441A67A00017F10 /* PBXContainerItemProxy */;
		};
/* End PBXTargetDependency section */

/* Begin PBXVariantGroup section */
		232BF4C02441A67900017F10 /* Main.storyboard */ = {
			isa = PBXVariantGroup;
			children = (
				232BF4C12441A67900017F10 /* Base */,
			);
			name = Main.storyboard;
			sourceTree = "<group>";
		};
		232BF4C52441A67900017F10 /* LaunchScreen.storyboard */ = {
			isa = PBXVariantGroup;
			children = (
				232BF4C62441A67900017F10 /* Base */,
			);
			name = LaunchScreen.storyboard;
			sourceTree = "<group>";
		};
/* End PBXVariantGroup section */

/* Begin XCBuildConfiguration section */
		232BF4E12441A67A00017F10 /* Debug */ = {
			isa = XCBuildConfiguration;
			buildSettings = {
				ALWAYS_SEARCH_USER_PATHS = NO;
				CLANG_ANALYZER_NONNULL = YES;
				CLANG_ANALYZER_NUMBER_OBJECT_CONVERSION = YES_AGGRESSIVE;
				CLANG_CXX_LANGUAGE_STANDARD = "gnu++14";
				CLANG_CXX_LIBRARY = "libc++";
				CLANG_ENABLE_MODULES = YES;
				CLANG_ENABLE_OBJC_ARC = YES;
				CLANG_ENABLE_OBJC_WEAK = YES;
				CLANG_WARN_BLOCK_CAPTURE_AUTORELEASING = YES;
				CLANG_WARN_BOOL_CONVERSION = YES;
				CLANG_WARN_COMMA = YES;
				CLANG_WARN_CONSTANT_CONVERSION = YES;
				CLANG_WARN_DEPRECATED_OBJC_IMPLEMENTATIONS = YES;
				CLANG_WARN_DIRECT_OBJC_ISA_USAGE = YES_ERROR;
				CLANG_WARN_DOCUMENTATION_COMMENTS = YES;
				CLANG_WARN_EMPTY_BODY = YES;
				CLANG_WARN_ENUM_CONVERSION = YES;
				CLANG_WARN_INFINITE_RECURSION = YES;
				CLANG_WARN_INT_CONVERSION = YES;
				CLANG_WARN_NON_LITERAL_NULL_CONVERSION = YES;
				CLANG_WARN_OBJC_IMPLICIT_RETAIN_SELF = YES;
				CLANG_WARN_OBJC_LITERAL_CONVERSION = YES;
				CLANG_WARN_OBJC_ROOT_CLASS = YES_ERROR;
				CLANG_WARN_RANGE_LOOP_ANALYSIS = YES;
				CLANG_WARN_STRICT_PROTOTYPES = YES;
				CLANG_WARN_SUSPICIOUS_MOVE = YES;
				CLANG_WARN_UNGUARDED_AVAILABILITY = YES_AGGRESSIVE;
				CLANG_WARN_UNREACHABLE_CODE = YES;
				CLANG_WARN__DUPLICATE_METHOD_MATCH = YES;
				COPY_PHASE_STRIP = NO;
				DEBUG_INFORMATION_FORMAT = dwarf;
				ENABLE_STRICT_OBJC_MSGSEND = YES;
				ENABLE_TESTABILITY = YES;
				GCC_C_LANGUAGE_STANDARD = gnu11;
				GCC_DYNAMIC_NO_PIC = NO;
				GCC_NO_COMMON_BLOCKS = YES;
				GCC_OPTIMIZATION_LEVEL = 0;
				GCC_PREPROCESSOR_DEFINITIONS = (
					"DEBUG=1",
					"$(inherited)",
				);
				GCC_WARN_64_TO_32_BIT_CONVERSION = YES;
				GCC_WARN_ABOUT_RETURN_TYPE = YES_ERROR;
				GCC_WARN_UNDECLARED_SELECTOR = YES;
				GCC_WARN_UNINITIALIZED_AUTOS = YES_AGGRESSIVE;
				GCC_WARN_UNUSED_FUNCTION = YES;
				GCC_WARN_UNUSED_VARIABLE = YES;
				IPHONEOS_DEPLOYMENT_TARGET = 13.2;
				MTL_ENABLE_DEBUG_INFO = INCLUDE_SOURCE;
				MTL_FAST_MATH = YES;
				ONLY_ACTIVE_ARCH = YES;
				SDKROOT = iphoneos;
			};
			name = Debug;
		};
		232BF4E22441A67A00017F10 /* Release */ = {
			isa = XCBuildConfiguration;
			buildSettings = {
				ALWAYS_SEARCH_USER_PATHS = NO;
				CLANG_ANALYZER_NONNULL = YES;
				CLANG_ANALYZER_NUMBER_OBJECT_CONVERSION = YES_AGGRESSIVE;
				CLANG_CXX_LANGUAGE_STANDARD = "gnu++14";
				CLANG_CXX_LIBRARY = "libc++";
				CLANG_ENABLE_MODULES = YES;
				CLANG_ENABLE_OBJC_ARC = YES;
				CLANG_ENABLE_OBJC_WEAK = YES;
				CLANG_WARN_BLOCK_CAPTURE_AUTORELEASING = YES;
				CLANG_WARN_BOOL_CONVERSION = YES;
				CLANG_WARN_COMMA = YES;
				CLANG_WARN_CONSTANT_CONVERSION = YES;
				CLANG_WARN_DEPRECATED_OBJC_IMPLEMENTATIONS = YES;
				CLANG_WARN_DIRECT_OBJC_ISA_USAGE = YES_ERROR;
				CLANG_WARN_DOCUMENTATION_COMMENTS = YES;
				CLANG_WARN_EMPTY_BODY = YES;
				CLANG_WARN_ENUM_CONVERSION = YES;
				CLANG_WARN_INFINITE_RECURSION = YES;
				CLANG_WARN_INT_CONVERSION = YES;
				CLANG_WARN_NON_LITERAL_NULL_CONVERSION = YES;
				CLANG_WARN_OBJC_IMPLICIT_RETAIN_SELF = YES;
				CLANG_WARN_OBJC_LITERAL_CONVERSION = YES;
				CLANG_WARN_OBJC_ROOT_CLASS = YES_ERROR;
				CLANG_WARN_RANGE_LOOP_ANALYSIS = YES;
				CLANG_WARN_STRICT_PROTOTYPES = YES;
				CLANG_WARN_SUSPICIOUS_MOVE = YES;
				CLANG_WARN_UNGUARDED_AVAILABILITY = YES_AGGRESSIVE;
				CLANG_WARN_UNREACHABLE_CODE = YES;
				CLANG_WARN__DUPLICATE_METHOD_MATCH = YES;
				COPY_PHASE_STRIP = NO;
				DEBUG_INFORMATION_FORMAT = "dwarf-with-dsym";
				ENABLE_NS_ASSERTIONS = NO;
				ENABLE_STRICT_OBJC_MSGSEND = YES;
				GCC_C_LANGUAGE_STANDARD = gnu11;
				GCC_NO_COMMON_BLOCKS = YES;
				GCC_WARN_64_TO_32_BIT_CONVERSION = YES;
				GCC_WARN_ABOUT_RETURN_TYPE = YES_ERROR;
				GCC_WARN_UNDECLARED_SELECTOR = YES;
				GCC_WARN_UNINITIALIZED_AUTOS = YES_AGGRESSIVE;
				GCC_WARN_UNUSED_FUNCTION = YES;
				GCC_WARN_UNUSED_VARIABLE = YES;
				IPHONEOS_DEPLOYMENT_TARGET = 13.2;
				MTL_ENABLE_DEBUG_INFO = NO;
				MTL_FAST_MATH = YES;
				SDKROOT = iphoneos;
				VALIDATE_PRODUCT = YES;
			};
			name = Release;
		};
		232BF4E42441A67A00017F10 /* Debug */ = {
			isa = XCBuildConfiguration;
			buildSettings = {
				ASSETCATALOG_COMPILER_APPICON_NAME = AppIcon;
				CODE_SIGN_STYLE = Automatic;
				DEVELOPMENT_TEAM = J46HYNA3T9;
				FRAMEWORK_SEARCH_PATHS = (
					"$(inherited)",
					"$(PROJECT_DIR)/ijkplayerDemo",
				);
				INFOPLIST_FILE = ijkplayerDemo/Info.plist;
				LD_RUNPATH_SEARCH_PATHS = (
					"$(inherited)",
					"@executable_path/Frameworks",
				);
				PRODUCT_BUNDLE_IDENTIFIER = cn.newbanker.ijkplayerDemo;
				PRODUCT_NAME = "$(TARGET_NAME)";
				TARGETED_DEVICE_FAMILY = "1,2";
			};
			name = Debug;
		};
		232BF4E52441A67A00017F10 /* Release */ = {
			isa = XCBuildConfiguration;
			buildSettings = {
				ASSETCATALOG_COMPILER_APPICON_NAME = AppIcon;
				CODE_SIGN_STYLE = Automatic;
				DEVELOPMENT_TEAM = J46HYNA3T9;
				FRAMEWORK_SEARCH_PATHS = (
					"$(inherited)",
					"$(PROJECT_DIR)/ijkplayerDemo",
				);
				INFOPLIST_FILE = ijkplayerDemo/Info.plist;
				LD_RUNPATH_SEARCH_PATHS = (
					"$(inherited)",
					"@executable_path/Frameworks",
				);
				PRODUCT_BUNDLE_IDENTIFIER = cn.newbanker.ijkplayerDemo;
				PRODUCT_NAME = "$(TARGET_NAME)";
				TARGETED_DEVICE_FAMILY = "1,2";
			};
			name = Release;
		};
		232BF4E72441A67A00017F10 /* Debug */ = {
			isa = XCBuildConfiguration;
			buildSettings = {
				BUNDLE_LOADER = "$(TEST_HOST)";
				CODE_SIGN_STYLE = Automatic;
				INFOPLIST_FILE = ijkplayerDemoTests/Info.plist;
				IPHONEOS_DEPLOYMENT_TARGET = 13.2;
				LD_RUNPATH_SEARCH_PATHS = (
					"$(inherited)",
					"@executable_path/Frameworks",
					"@loader_path/Frameworks",
				);
				PRODUCT_BUNDLE_IDENTIFIER = cn.newbanker.ijkplayerDemoTests;
				PRODUCT_NAME = "$(TARGET_NAME)";
				TARGETED_DEVICE_FAMILY = "1,2";
				TEST_HOST = "$(BUILT_PRODUCTS_DIR)/ijkplayerDemo.app/ijkplayerDemo";
			};
			name = Debug;
		};
		232BF4E82441A67A00017F10 /* Release */ = {
			isa = XCBuildConfiguration;
			buildSettings = {
				BUNDLE_LOADER = "$(TEST_HOST)";
				CODE_SIGN_STYLE = Automatic;
				INFOPLIST_FILE = ijkplayerDemoTests/Info.plist;
				IPHONEOS_DEPLOYMENT_TARGET = 13.2;
				LD_RUNPATH_SEARCH_PATHS = (
					"$(inherited)",
					"@executable_path/Frameworks",
					"@loader_path/Frameworks",
				);
				PRODUCT_BUNDLE_IDENTIFIER = cn.newbanker.ijkplayerDemoTests;
				PRODUCT_NAME = "$(TARGET_NAME)";
				TARGETED_DEVICE_FAMILY = "1,2";
				TEST_HOST = "$(BUILT_PRODUCTS_DIR)/ijkplayerDemo.app/ijkplayerDemo";
			};
			name = Release;
		};
		232BF4EA2441A67A00017F10 /* Debug */ = {
			isa = XCBuildConfiguration;
			buildSettings = {
				CODE_SIGN_STYLE = Automatic;
				INFOPLIST_FILE = ijkplayerDemoUITests/Info.plist;
				LD_RUNPATH_SEARCH_PATHS = (
					"$(inherited)",
					"@executable_path/Frameworks",
					"@loader_path/Frameworks",
				);
				PRODUCT_BUNDLE_IDENTIFIER = cn.newbanker.ijkplayerDemoUITests;
				PRODUCT_NAME = "$(TARGET_NAME)";
				TARGETED_DEVICE_FAMILY = "1,2";
				TEST_TARGET_NAME = ijkplayerDemo;
			};
			name = Debug;
		};
		232BF4EB2441A67A00017F10 /* Release */ = {
			isa = XCBuildConfiguration;
			buildSettings = {
				CODE_SIGN_STYLE = Automatic;
				INFOPLIST_FILE = ijkplayerDemoUITests/Info.plist;
				LD_RUNPATH_SEARCH_PATHS = (
					"$(inherited)",
					"@executable_path/Frameworks",
					"@loader_path/Frameworks",
				);
				PRODUCT_BUNDLE_IDENTIFIER = cn.newbanker.ijkplayerDemoUITests;
				PRODUCT_NAME = "$(TARGET_NAME)";
				TARGETED_DEVICE_FAMILY = "1,2";
				TEST_TARGET_NAME = ijkplayerDemo;
			};
			name = Release;
		};
/* End XCBuildConfiguration section */

/* Begin XCConfigurationList section */
		232BF4AF2441A67900017F10 /* Build configuration list for PBXProject "ijkplayerDemo" */ = {
			isa = XCConfigurationList;
			buildConfigurations = (
				232BF4E12441A67A00017F10 /* Debug */,
				232BF4E22441A67A00017F10 /* Release */,
			);
			defaultConfigurationIsVisible = 0;
			defaultConfigurationName = Release;
		};
		232BF4E32441A67A00017F10 /* Build configuration list for PBXNativeTarget "ijkplayerDemo" */ = {
			isa = XCConfigurationList;
			buildConfigurations = (
				232BF4E42441A67A00017F10 /* Debug */,
				232BF4E52441A67A00017F10 /* Release */,
			);
			defaultConfigurationIsVisible = 0;
			defaultConfigurationName = Release;
		};
		232BF4E62441A67A00017F10 /* Build configuration list for PBXNativeTarget "ijkplayerDemoTests" */ = {
			isa = XCConfigurationList;
			buildConfigurations = (
				232BF4E72441A67A00017F10 /* Debug */,
				232BF4E82441A67A00017F10 /* Release */,
			);
			defaultConfigurationIsVisible = 0;
			defaultConfigurationName = Release;
		};
		232BF4E92441A67A00017F10 /* Build configuration list for PBXNativeTarget "ijkplayerDemoUITests" */ = {
			isa = XCConfigurationList;
			buildConfigurations = (
				232BF4EA2441A67A00017F10 /* Debug */,
				232BF4EB2441A67A00017F10 /* Release */,
			);
			defaultConfigurationIsVisible = 0;
			defaultConfigurationName = Release;
		};
/* End XCConfigurationList section */
	};
	rootObject = 232BF4AC2441A67900017F10 /* Project object */;
}
